
Microsoft Visual Studio Solution File, Format Version 12.00
# Visual Studio 14
VisualStudioVersion = 14.0.25420.1
MinimumVisualStudioVersion = 10.0.40219.1
Project("{8BC9CEB8-8B4A-11D0-8D11-00A0C91BC942}") = "TinyUI", "TinyUI\TinyUI.vcxproj", "{58903BE2-BB4F-4983-B8B7-905D2DB5393D}"
EndProject
Project("{8BC9CEB8-8B4A-11D0-8D11-00A0C91BC942}") = "TinyApp", "TinyApp\TinyApp.vcxproj", "{9CBF16D3-CE0C-4378-8C36-384C061E0F64}"
EndProject
Project("{8BC9CEB8-8B4A-11D0-8D11-00A0C91BC942}") = "TinySmiley", "TinySmiley\TinySmiley.vcxproj", "{4D1E61ED-D1C3-4706-B8F2-CB101ADBE9B7}"
EndProject
Project("{8BC9CEB8-8B4A-11D0-8D11-00A0C91BC942}") = "GameDetour", "GameDetour\GameDetour.vcxproj", "{2F17032A-63E9-4845-BECB-9C1DBED4E178}"
EndProject
Project("{8BC9CEB8-8B4A-11D0-8D11-00A0C91BC942}") = "DXCapture", "DXCapture\DXCapture.vcxproj", "{42A23F40-AE16-40DE-BD95-A42F4791EA82}"
EndProject
Project("{8BC9CEB8-8B4A-11D0-8D11-00A0C91BC942}") = "DXFramework", "DXFramework\DXFramework.vcxproj", "{E5BF40DD-F8A0-4FB9-B27B-051C447A5C2B}"
EndProject
Project("{8BC9CEB8-8B4A-11D0-8D11-00A0C91BC942}") = "DXApp", "DXApp\DXApp.vcxproj", "{EA50F556-9269-4D52-8440-A5C67CD79714}"
EndProject
Global
	GlobalSection(SolutionConfigurationPlatforms) = preSolution
		Debug_MBCS|Win32 = Debug_MBCS|Win32
		Debug_MBCS|x64 = Debug_MBCS|x64
		Debug|Win32 = Debug|Win32
		Debug|x64 = Debug|x64
		Release_MBCS|Win32 = Release_MBCS|Win32
		Release_MBCS|x64 = Release_MBCS|x64
		Release_MT|Win32 = Release_MT|Win32
		Release_MT|x64 = Release_MT|x64
		Release|Win32 = Release|Win32
		Release|x64 = Release|x64
	EndGlobalSection
	GlobalSection(ProjectConfigurationPlatforms) = postSolution
		{58903BE2-BB4F-4983-B8B7-905D2DB5393D}.Debug_MBCS|Win32.ActiveCfg = Debug|Win32
		{58903BE2-BB4F-4983-B8B7-905D2DB5393D}.Debug_MBCS|Win32.Build.0 = Debug|Win32
		{58903BE2-BB4F-4983-B8B7-905D2DB5393D}.Debug_MBCS|x64.ActiveCfg = Debug|Win32
		{58903BE2-BB4F-4983-B8B7-905D2DB5393D}.Debug|Win32.ActiveCfg = Debug|Win32
		{58903BE2-BB4F-4983-B8B7-905D2DB5393D}.Debug|Win32.Build.0 = Debug|Win32
		{58903BE2-BB4F-4983-B8B7-905D2DB5393D}.Debug|x64.ActiveCfg = Debug|Win32
		{58903BE2-BB4F-4983-B8B7-905D2DB5393D}.Release_MBCS|Win32.ActiveCfg = Release|Win32
		{58903BE2-BB4F-4983-B8B7-905D2DB5393D}.Release_MBCS|Win32.Build.0 = Release|Win32
		{58903BE2-BB4F-4983-B8B7-905D2DB5393D}.Release_MBCS|x64.ActiveCfg = Release|Win32
		{58903BE2-BB4F-4983-B8B7-905D2DB5393D}.Release_MT|Win32.ActiveCfg = Release|Win32
		{58903BE2-BB4F-4983-B8B7-905D2DB5393D}.Release_MT|Win32.Build.0 = Release|Win32
		{58903BE2-BB4F-4983-B8B7-905D2DB5393D}.Release_MT|x64.ActiveCfg = Release|Win32
		{58903BE2-BB4F-4983-B8B7-905D2DB5393D}.Release|Win32.ActiveCfg = Release|Win32
		{58903BE2-BB4F-4983-B8B7-905D2DB5393D}.Release|Win32.Build.0 = Release|Win32
		{58903BE2-BB4F-4983-B8B7-905D2DB5393D}.Release|x64.ActiveCfg = Release|Win32
		{9CBF16D3-CE0C-4378-8C36-384C061E0F64}.Debug_MBCS|Win32.ActiveCfg = Debug|Win32
		{9CBF16D3-CE0C-4378-8C36-384C061E0F64}.Debug_MBCS|Win32.Build.0 = Debug|Win32
		{9CBF16D3-CE0C-4378-8C36-384C061E0F64}.Debug_MBCS|x64.ActiveCfg = Debug|Win32
		{9CBF16D3-CE0C-4378-8C36-384C061E0F64}.Debug|Win32.ActiveCfg = Debug|Win32
		{9CBF16D3-CE0C-4378-8C36-384C061E0F64}.Debug|Win32.Build.0 = Debug|Win32
		{9CBF16D3-CE0C-4378-8C36-384C061E0F64}.Debug|x64.ActiveCfg = Debug|Win32
		{9CBF16D3-CE0C-4378-8C36-384C061E0F64}.Release_MBCS|Win32.ActiveCfg = Release|Win32
		{9CBF16D3-CE0C-4378-8C36-384C061E0F64}.Release_MBCS|Win32.Build.0 = Release|Win32
		{9CBF16D3-CE0C-4378-8C36-384C061E0F64}.Release_MBCS|x64.ActiveCfg = Release|Win32
		{9CBF16D3-CE0C-4378-8C36-384C061E0F64}.Release_MT|Win32.ActiveCfg = Release|Win32
		{9CBF16D3-CE0C-4378-8C36-384C061E0F64}.Release_MT|Win32.Build.0 = Release|Win32
		{9CBF16D3-CE0C-4378-8C36-384C061E0F64}.Release_MT|x64.ActiveCfg = Release|Win32
		{9CBF16D3-CE0C-4378-8C36-384C061E0F64}.Release|Win32.ActiveCfg = Release|Win32
		{9CBF16D3-CE0C-4378-8C36-384C061E0F64}.Release|Win32.Build.0 = Release|Win32
		{9CBF16D3-CE0C-4378-8C36-384C061E0F64}.Release|x64.ActiveCfg = Release|Win32
		{4D1E61ED-D1C3-4706-B8F2-CB101ADBE9B7}.Debug_MBCS|Win32.ActiveCfg = Debug|Win32
		{4D1E61ED-D1C3-4706-B8F2-CB101ADBE9B7}.Debug_MBCS|Win32.Build.0 = Debug|Win32
		{4D1E61ED-D1C3-4706-B8F2-CB101ADBE9B7}.Debug_MBCS|x64.ActiveCfg = Debug|Win32
		{4D1E61ED-D1C3-4706-B8F2-CB101ADBE9B7}.Debug|Win32.ActiveCfg = Debug|Win32
		{4D1E61ED-D1C3-4706-B8F2-CB101ADBE9B7}.Debug|Win32.Build.0 = Debug|Win32
		{4D1E61ED-D1C3-4706-B8F2-CB101ADBE9B7}.Debug|x64.ActiveCfg = Debug|Win32
		{4D1E61ED-D1C3-4706-B8F2-CB101ADBE9B7}.Release_MBCS|Win32.ActiveCfg = Release|Win32
		{4D1E61ED-D1C3-4706-B8F2-CB101ADBE9B7}.Release_MBCS|Win32.Build.0 = Release|Win32
		{4D1E61ED-D1C3-4706-B8F2-CB101ADBE9B7}.Release_MBCS|x64.ActiveCfg = Release|Win32
		{4D1E61ED-D1C3-4706-B8F2-CB101ADBE9B7}.Release_MT|Win32.ActiveCfg = Release|Win32
		{4D1E61ED-D1C3-4706-B8F2-CB101ADBE9B7}.Release_MT|Win32.Build.0 = Release|Win32
		{4D1E61ED-D1C3-4706-B8F2-CB101ADBE9B7}.Release_MT|x64.ActiveCfg = Release|Win32
		{4D1E61ED-D1C3-4706-B8F2-CB101ADBE9B7}.Release|Win32.ActiveCfg = Release|Win32
		{4D1E61ED-D1C3-4706-B8F2-CB101ADBE9B7}.Release|Win32.Build.0 = Release|Win32
		{4D1E61ED-D1C3-4706-B8F2-CB101ADBE9B7}.Release|x64.ActiveCfg = Release|Win32
		{2F17032A-63E9-4845-BECB-9C1DBED4E178}.Debug_MBCS|Win32.ActiveCfg = Debug|Win32
		{2F17032A-63E9-4845-BECB-9C1DBED4E178}.Debug_MBCS|Win32.Build.0 = Debug|Win32
		{2F17032A-63E9-4845-BECB-9C1DBED4E178}.Debug_MBCS|x64.ActiveCfg = Debug|Win32
		{2F17032A-63E9-4845-BECB-9C1DBED4E178}.Debug|Win32.ActiveCfg = Debug|Win32
		{2F17032A-63E9-4845-BECB-9C1DBED4E178}.Debug|Win32.Build.0 = Debug|Win32
		{2F17032A-63E9-4845-BECB-9C1DBED4E178}.Debug|x64.ActiveCfg = Debug|Win32
		{2F17032A-63E9-4845-BECB-9C1DBED4E178}.Release_MBCS|Win32.ActiveCfg = Release|Win32
		{2F17032A-63E9-4845-BECB-9C1DBED4E178}.Release_MBCS|Win32.Build.0 = Release|Win32
		{2F17032A-63E9-4845-BECB-9C1DBED4E178}.Release_MBCS|x64.ActiveCfg = Release|Win32
		{2F17032A-63E9-4845-BECB-9C1DBED4E178}.Release_MT|Win32.ActiveCfg = Release|Win32
		{2F17032A-63E9-4845-BECB-9C1DBED4E178}.Release_MT|Win32.Build.0 = Release|Win32
		{2F17032A-63E9-4845-BECB-9C1DBED4E178}.Release_MT|x64.ActiveCfg = Release|Win32
		{2F17032A-63E9-4845-BECB-9C1DBED4E178}.Release|Win32.ActiveCfg = Release|Win32
		{2F17032A-63E9-4845-BECB-9C1DBED4E178}.Release|Win32.Build.0 = Release|Win32
		{2F17032A-63E9-4845-BECB-9C1DBED4E178}.Release|x64.ActiveCfg = Release|Win32
		{42A23F40-AE16-40DE-BD95-A42F4791EA82}.Debug_MBCS|Win32.ActiveCfg = Debug|Win32
		{42A23F40-AE16-40DE-BD95-A42F4791EA82}.Debug_MBCS|Win32.Build.0 = Debug|Win32
		{42A23F40-AE16-40DE-BD95-A42F4791EA82}.Debug_MBCS|x64.ActiveCfg = Debug|Win32
		{42A23F40-AE16-40DE-BD95-A42F4791EA82}.Debug|Win32.ActiveCfg = Debug|Win32
		{42A23F40-AE16-40DE-BD95-A42F4791EA82}.Debug|Win32.Build.0 = Debug|Win32
		{42A23F40-AE16-40DE-BD95-A42F4791EA82}.Debug|x64.ActiveCfg = Debug|Win32
		{42A23F40-AE16-40DE-BD95-A42F4791EA82}.Release_MBCS|Win32.ActiveCfg = Release|Win32
		{42A23F40-AE16-40DE-BD95-A42F4791EA82}.Release_MBCS|Win32.Build.0 = Release|Win32
		{42A23F40-AE16-40DE-BD95-A42F4791EA82}.Release_MBCS|x64.ActiveCfg = Release|Win32
		{42A23F40-AE16-40DE-BD95-A42F4791EA82}.Release_MT|Win32.ActiveCfg = Release|Win32
		{42A23F40-AE16-40DE-BD95-A42F4791EA82}.Release_MT|Win32.Build.0 = Release|Win32
		{42A23F40-AE16-40DE-BD95-A42F4791EA82}.Release_MT|x64.ActiveCfg = Release|Win32
		{42A23F40-AE16-40DE-BD95-A42F4791EA82}.Release|Win32.ActiveCfg = Release|Win32
		{42A23F40-AE16-40DE-BD95-A42F4791EA82}.Release|Win32.Build.0 = Release|Win32
		{42A23F40-AE16-40DE-BD95-A42F4791EA82}.Release|x64.ActiveCfg = Release|Win32
		{E5BF40DD-F8A0-4FB9-B27B-051C447A5C2B}.Debug_MBCS|Win32.ActiveCfg = Debug|Win32
		{E5BF40DD-F8A0-4FB9-B27B-051C447A5C2B}.Debug_MBCS|Win32.Build.0 = Debug|Win32
		{E5BF40DD-F8A0-4FB9-B27B-051C447A5C2B}.Debug_MBCS|x64.ActiveCfg = Debug|Win32
		{E5BF40DD-F8A0-4FB9-B27B-051C447A5C2B}.Debug|Win32.ActiveCfg = Debug|Win32
		{E5BF40DD-F8A0-4FB9-B27B-051C447A5C2B}.Debug|Win32.Build.0 = Debug|Win32
		{E5BF40DD-F8A0-4FB9-B27B-051C447A5C2B}.Debug|x64.ActiveCfg = Debug|Win32
		{E5BF40DD-F8A0-4FB9-B27B-051C447A5C2B}.Release_MBCS|Win32.ActiveCfg = Release|Win32
		{E5BF40DD-F8A0-4FB9-B27B-051C447A5C2B}.Release_MBCS|Win32.Build.0 = Release|Win32
		{E5BF40DD-F8A0-4FB9-B27B-051C447A5C2B}.Release_MBCS|x64.ActiveCfg = Release|Win32
		{E5BF40DD-F8A0-4FB9-B27B-051C447A5C2B}.Release_MT|Win32.ActiveCfg = Release|Win32
		{E5BF40DD-F8A0-4FB9-B27B-051C447A5C2B}.Release_MT|Win32.Build.0 = Release|Win32
		{E5BF40DD-F8A0-4FB9-B27B-051C447A5C2B}.Release_MT|x64.ActiveCfg = Release|Win32
		{E5BF40DD-F8A0-4FB9-B27B-051C447A5C2B}.Release|Win32.ActiveCfg = Release|Win32
		{E5BF40DD-F8A0-4FB9-B27B-051C447A5C2B}.Release|Win32.Build.0 = Release|Win32
		{E5BF40DD-F8A0-4FB9-B27B-051C447A5C2B}.Release|x64.ActiveCfg = Release|Win32
		{EA50F556-9269-4D52-8440-A5C67CD79714}.Debug_MBCS|Win32.ActiveCfg = Debug|Win32
		{EA50F556-9269-4D52-8440-A5C67CD79714}.Debug_MBCS|Win32.Build.0 = Debug|Win32
		{EA50F556-9269-4D52-8440-A5C67CD79714}.Debug_MBCS|x64.ActiveCfg = Debug|Win32
		{EA50F556-9269-4D52-8440-A5C67CD79714}.Debug|Win32.ActiveCfg = Debug|Win32
		{EA50F556-9269-4D52-8440-A5C67CD79714}.Debug|Win32.Build.0 = Debug|Win32
		{EA50F556-9269-4D52-8440-A5C67CD79714}.Debug|x64.ActiveCfg = Debug|Win32
		{EA50F556-9269-4D52-8440-A5C67CD79714}.Release_MBCS|Win32.ActiveCfg = Release|Win32
		{EA50F556-9269-4D52-8440-A5C67CD79714}.Release_MBCS|Win32.Build.0 = Release|Win32
		{EA50F556-9269-4D52-8440-A5C67CD79714}.Release_MBCS|x64.ActiveCfg = Release|Win32
		{EA50F556-9269-4D52-8440-A5C67CD79714}.Release_MT|Win32.ActiveCfg = Release|Win32
		{EA50F556-9269-4D52-8440-A5C67CD79714}.Release_MT|Win32.Build.0 = Release|Win32
		{EA50F556-9269-4D52-8440-A5C67CD79714}.Release_MT|x64.ActiveCfg = Release|Win32
		{EA50F556-9269-4D52-8440-A5C67CD79714}.Release|Win32.ActiveCfg = Release|Win32
		{EA50F556-9269-4D52-8440-A5C67CD79714}.Release|Win32.Build.0 = Release|Win32
		{EA50F556-9269-4D52-8440-A5C67CD79714}.Release|x64.ActiveCfg = Release|Win32
	EndGlobalSection
	GlobalSection(SolutionProperties) = preSolution
		HideSolutionNode = FALSE
	EndGlobalSection
EndGlobal
