<?xml version="1.0" encoding="utf-8"?>
<Project ToolsVersion="4.0" xmlns="http://schemas.microsoft.com/developer/msbuild/2003">
  <ItemGroup>
    <Filter Include="源文件">
      <UniqueIdentifier>{4FC737F1-C7A5-4376-A066-2A32D752A2FF}</UniqueIdentifier>
      <Extensions>cpp;c;cc;cxx;def;odl;idl;hpj;bat;asm;asmx</Extensions>
    </Filter>
    <Filter Include="头文件">
      <UniqueIdentifier>{93995380-89BD-4b04-88EB-625FBE52EBFB}</UniqueIdentifier>
      <Extensions>h;hh;hpp;hxx;hm;inl;inc;xsd</Extensions>
    </Filter>
    <Filter Include="资源文件">
      <UniqueIdentifier>{67DA6AB6-F800-4c08-8B7A-83BB121AAD01}</UniqueIdentifier>
      <Extensions>rc;ico;cur;bmp;dlg;rc2;rct;bin;rgs;gif;jpg;jpeg;jpe;resx;tiff;tif;png;wav;mfcribbon-ms</Extensions>
    </Filter>
  </ItemGroup>
  <ItemGroup>
    <Text Include="ReadMe.txt" />
  </ItemGroup>
  <ItemGroup>
    <ClInclude Include="stdafx.h">
      <Filter>头文件</Filter>
    </ClInclude>
    <ClInclude Include="targetver.h">
      <Filter>头文件</Filter>
    </ClInclude>
    <ClInclude Include="FLVParser.h">
      <Filter>头文件</Filter>
    </ClInclude>
    <ClInclude Include="RTMPStream.h">
      <Filter>头文件</Filter>
    </ClInclude>
    <ClInclude Include="Common.h">
      <Filter>头文件</Filter>
    </ClInclude>
    <ClInclude Include="FLVReader.h">
      <Filter>头文件</Filter>
    </ClInclude>
    <ClInclude Include="FLVWriter.h">
      <Filter>头文件</Filter>
    </ClInclude>
    <ClInclude Include="HTTPStream.h">
      <Filter>头文件</Filter>
    </ClInclude>
    <ClInclude Include="FFT.h">
      <Filter>头文件</Filter>
    </ClInclude>
    <ClInclude Include="AudioAnalyser.h">
      <Filter>头文件</Filter>
    </ClInclude>
    <ClInclude Include="TSWriter.h">
      <Filter>头文件</Filter>
    </ClInclude>
    <ClInclude Include="TSReader.h">
      <Filter>头文件</Filter>
    </ClInclude>
    <ClInclude Include="AACDecoder.h">
      <Filter>头文件</Filter>
    </ClInclude>
    <ClInclude Include="AC3Decoder.h">
      <Filter>头文件</Filter>
    </ClInclude>
    <ClInclude Include="x264Decoder.h">
      <Filter>头文件</Filter>
    </ClInclude>
    <ClInclude Include="H264Parser.h">
      <Filter>头文件</Filter>
    </ClInclude>
    <ClInclude Include="H264BitReader.h">
      <Filter>头文件</Filter>
    </ClInclude>
    <ClInclude Include="MP4Reader.h">
      <Filter>头文件</Filter>
    </ClInclude>
    <ClInclude Include="MP4Writer.h">
      <Filter>头文件</Filter>
    </ClInclude>
    <ClInclude Include="FLV2TS.h">
      <Filter>头文件</Filter>
    </ClInclude>
    <ClInclude Include="TS2FLV.h">
      <Filter>头文件</Filter>
    </ClInclude>
    <ClInclude Include="HLSReader.h">
      <Filter>头文件</Filter>
    </ClInclude>
  </ItemGroup>
  <ItemGroup>
    <ClCompile Include="stdafx.cpp">
      <Filter>源文件</Filter>
    </ClCompile>
    <ClCompile Include="FLVParser.cpp">
      <Filter>源文件</Filter>
    </ClCompile>
    <ClCompile Include="RTMPStream.cpp">
      <Filter>源文件</Filter>
    </ClCompile>
    <ClCompile Include="Common.cpp">
      <Filter>源文件</Filter>
    </ClCompile>
    <ClCompile Include="FLVReader.cpp">
      <Filter>源文件</Filter>
    </ClCompile>
    <ClCompile Include="FLVWriter.cpp">
      <Filter>源文件</Filter>
    </ClCompile>
    <ClCompile Include="HTTPStream.cpp">
      <Filter>源文件</Filter>
    </ClCompile>
    <ClCompile Include="FFT.cpp">
      <Filter>源文件</Filter>
    </ClCompile>
    <ClCompile Include="AudioAnalyser.cpp">
      <Filter>源文件</Filter>
    </ClCompile>
    <ClCompile Include="TSReader.cpp">
      <Filter>源文件</Filter>
    </ClCompile>
    <ClCompile Include="TSWriter.cpp">
      <Filter>源文件</Filter>
    </ClCompile>
    <ClCompile Include="AACDecoder.cpp">
      <Filter>源文件</Filter>
    </ClCompile>
    <ClCompile Include="AC3Decoder.cpp">
      <Filter>源文件</Filter>
    </ClCompile>
    <ClCompile Include="x264Decoder.cpp">
      <Filter>源文件</Filter>
    </ClCompile>
    <ClCompile Include="H264Parser.cpp">
      <Filter>源文件</Filter>
    </ClCompile>
    <ClCompile Include="H264BitReader.cpp">
      <Filter>源文件</Filter>
    </ClCompile>
    <ClCompile Include="MP4Reader.cpp">
      <Filter>源文件</Filter>
    </ClCompile>
    <ClCompile Include="MP4Writer.cpp">
      <Filter>源文件</Filter>
    </ClCompile>
    <ClCompile Include="FLV2TS.cpp">
      <Filter>源文件</Filter>
    </ClCompile>
    <ClCompile Include="TS2FLV.cpp">
      <Filter>源文件</Filter>
    </ClCompile>
    <ClCompile Include="HLSReader.cpp">
      <Filter>源文件</Filter>
    </ClCompile>
  </ItemGroup>
</Project>