<?xml version="1.0" encoding="utf-8"?>
<Project ToolsVersion="4.0" xmlns="http://schemas.microsoft.com/developer/msbuild/2003">
  <ItemGroup>
    <ClCompile Include="stdafx.cpp">
      <Filter>源文件</Filter>
    </ClCompile>
    <ClCompile Include="Media\TinyAACFile.cpp">
      <Filter>源文件\Media</Filter>
    </ClCompile>
    <ClCompile Include="Database\TinyAdo.cpp">
      <Filter>源文件\Database</Filter>
    </ClCompile>
    <ClCompile Include="IO\TinyAsync.cpp">
      <Filter>源文件\IO</Filter>
    </ClCompile>
    <ClCompile Include="Media\TinyAudioDSPCapture.cpp">
      <Filter>源文件\Media</Filter>
    </ClCompile>
    <ClCompile Include="Control\TinyAnimate.cpp">
      <Filter>源文件\Control</Filter>
    </ClCompile>
    <ClCompile Include="Common\TinyApplication.cpp">
      <Filter>源文件\Common</Filter>
    </ClCompile>
    <ClCompile Include="HDE\hde64.c">
      <Filter>源文件\HDE</Filter>
    </ClCompile>
    <ClCompile Include="HDE\hde32.c">
      <Filter>源文件\HDE</Filter>
    </ClCompile>
    <ClCompile Include="Render\stb_image.c">
      <Filter>源文件\Render</Filter>
    </ClCompile>
    <ClCompile Include="Media\TinyAudioMixer.cpp">
      <Filter>源文件\Media</Filter>
    </ClCompile>
    <ClCompile Include="IO\TinyBitReader.cpp">
      <Filter>源文件\IO</Filter>
    </ClCompile>
    <ClCompile Include="IO\TinyBitWriter.cpp">
      <Filter>源文件\IO</Filter>
    </ClCompile>
    <ClCompile Include="Common\TinyCallback.cpp">
      <Filter>源文件\Common</Filter>
    </ClCompile>
    <ClCompile Include="Control\TinyButton.cpp">
      <Filter>源文件\Control</Filter>
    </ClCompile>
    <ClCompile Include="Control\TinyCheckBox.cpp">
      <Filter>源文件\Control</Filter>
    </ClCompile>
    <ClCompile Include="Control\TinyComboBox.cpp">
      <Filter>源文件\Control</Filter>
    </ClCompile>
    <ClCompile Include="Control\TinyCommonDialog.cpp">
      <Filter>源文件\Control</Filter>
    </ClCompile>
    <ClCompile Include="Control\TinyContextMenu.cpp">
      <Filter>源文件\Control</Filter>
    </ClCompile>
    <ClCompile Include="Control\TinyControl.cpp">
      <Filter>源文件\Control</Filter>
    </ClCompile>
    <ClCompile Include="Control\TinyCustomDialog.cpp">
      <Filter>源文件\Control</Filter>
    </ClCompile>
    <ClCompile Include="Common\TinyDialog.cpp">
      <Filter>源文件\Control</Filter>
    </ClCompile>
    <ClCompile Include="Control\TinyFolderView.cpp">
      <Filter>源文件\Control</Filter>
    </ClCompile>
    <ClCompile Include="Control\TinyHotKey.cpp">
      <Filter>源文件\Control</Filter>
    </ClCompile>
    <ClCompile Include="Control\TinyColumn.cpp">
      <Filter>源文件\Control</Filter>
    </ClCompile>
    <ClCompile Include="Media\TinyMP4File.cpp">
      <Filter>源文件\Media</Filter>
    </ClCompile>
    <ClCompile Include="Media\TinyMP3File.cpp">
      <Filter>源文件\Media</Filter>
    </ClCompile>
    <ClCompile Include="Media\TinyMFResampler.cpp">
      <Filter>源文件\Media</Filter>
    </ClCompile>
    <ClCompile Include="Media\TinyMFMP3Encode.cpp">
      <Filter>源文件\Media</Filter>
    </ClCompile>
    <ClCompile Include="Media\TinyMFMP3Decode.cpp">
      <Filter>源文件\Media</Filter>
    </ClCompile>
    <ClCompile Include="Media\TinyMFIntelQSVDecode.cpp">
      <Filter>源文件\Media</Filter>
    </ClCompile>
    <ClCompile Include="Media\TinyMFH264Encode.cpp">
      <Filter>源文件\Media</Filter>
    </ClCompile>
    <ClCompile Include="Media\TinyMFH264Decode.cpp">
      <Filter>源文件\Media</Filter>
    </ClCompile>
    <ClCompile Include="Media\TinyMFEncode.cpp">
      <Filter>源文件\Media</Filter>
    </ClCompile>
    <ClCompile Include="Media\TinyMFDecode.cpp">
      <Filter>源文件\Media</Filter>
    </ClCompile>
    <ClCompile Include="Media\TinyMFAsyncCallback.cpp">
      <Filter>源文件\Media</Filter>
    </ClCompile>
    <ClCompile Include="Media\TinyMFAACEncode.cpp">
      <Filter>源文件\Media</Filter>
    </ClCompile>
    <ClCompile Include="Media\TinyMFAACDecode.cpp">
      <Filter>源文件\Media</Filter>
    </ClCompile>
    <ClCompile Include="Render\TinyCanvas.cpp">
      <Filter>源文件\Render</Filter>
    </ClCompile>
    <ClCompile Include="Render\TinyDDraw.cpp">
      <Filter>源文件\Render</Filter>
    </ClCompile>
    <ClCompile Include="Database\TinyDatabase.cpp">
      <Filter>源文件\Database</Filter>
    </ClCompile>
    <ClCompile Include="Network\TinyIOServer.cpp">
      <Filter>源文件\Network</Filter>
    </ClCompile>
    <ClCompile Include="IO\TinyIOCP.cpp">
      <Filter>源文件\Network</Filter>
    </ClCompile>
    <ClCompile Include="IO\TinyIOBuffer.cpp">
      <Filter>源文件\Network</Filter>
    </ClCompile>
    <ClCompile Include="IO\TinyIO.cpp">
      <Filter>源文件\Network</Filter>
    </ClCompile>
    <ClCompile Include="Network\TinyInternet.cpp">
      <Filter>源文件\Network</Filter>
    </ClCompile>
    <ClCompile Include="Common\TinyCollection.cpp">
      <Filter>源文件\Common</Filter>
    </ClCompile>
    <ClCompile Include="Common\TinyConcurrency.cpp">
      <Filter>源文件\Common</Filter>
    </ClCompile>
    <ClCompile Include="Common\TinyCommon.cpp">
      <Filter>源文件\Common</Filter>
    </ClCompile>
    <ClCompile Include="Common\TinyCore.cpp">
      <Filter>源文件\Common</Filter>
    </ClCompile>
    <ClCompile Include="Common\TinyDelegate.cpp">
      <Filter>源文件\Common</Filter>
    </ClCompile>
    <ClCompile Include="Network\TinyDNS.cpp">
      <Filter>源文件\Network</Filter>
    </ClCompile>
    <ClCompile Include="Render\TinyGDI.cpp">
      <Filter>源文件\Render</Filter>
    </ClCompile>
    <ClCompile Include="Common\TinyError.cpp">
      <Filter>源文件\Common</Filter>
    </ClCompile>
    <ClCompile Include="Common\TinyEvent.cpp">
      <Filter>源文件\Common</Filter>
    </ClCompile>
    <ClCompile Include="Control\TinyFileView.cpp">
      <Filter>源文件\Control</Filter>
    </ClCompile>
    <ClCompile Include="Control\TinyImageButton.cpp">
      <Filter>源文件\Control</Filter>
    </ClCompile>
    <ClCompile Include="Control\TinyIPAddress.cpp">
      <Filter>源文件\Control</Filter>
    </ClCompile>
    <ClCompile Include="Control\TinyImageList.cpp">
      <Filter>源文件\Control</Filter>
    </ClCompile>
    <ClCompile Include="Control\TinyLabel.cpp">
      <Filter>源文件\Control</Filter>
    </ClCompile>
    <ClCompile Include="Control\TinyListView.cpp">
      <Filter>源文件\Control</Filter>
    </ClCompile>
    <ClCompile Include="Control\TinyListBox.cpp">
      <Filter>源文件\Control</Filter>
    </ClCompile>
    <ClCompile Include="Network\TinyHTTPClient.cpp">
      <Filter>源文件\Network</Filter>
    </ClCompile>
    <ClCompile Include="Network\TinyHTTPCommon.cpp">
      <Filter>源文件\Network</Filter>
    </ClCompile>
    <ClCompile Include="IO\TinyFixedAlloc.cpp">
      <Filter>源文件\IO</Filter>
    </ClCompile>
    <ClCompile Include="Common\TinyHandleMap.cpp">
      <Filter>源文件\Common</Filter>
    </ClCompile>
    <ClCompile Include="Render\TinyImage.cpp">
      <Filter>源文件\Render</Filter>
    </ClCompile>
    <ClCompile Include="Common\TinyHook.cpp">
      <Filter>源文件\Common</Filter>
    </ClCompile>
    <ClCompile Include="Common\TinyLogging.cpp">
      <Filter>源文件\Common</Filter>
    </ClCompile>
    <ClCompile Include="Media\TinyMedia.cpp">
      <Filter>源文件\Media</Filter>
    </ClCompile>
    <ClCompile Include="Common\TinyMsg.cpp">
      <Filter>源文件\Common</Filter>
    </ClCompile>
    <ClCompile Include="Common\TinyModule.cpp">
      <Filter>源文件\Common</Filter>
    </ClCompile>
    <ClCompile Include="IO\TinyMsgQueue.cpp">
      <Filter>源文件\IO</Filter>
    </ClCompile>
    <ClCompile Include="Database\TinyMySQL.cpp">
      <Filter>源文件\Database</Filter>
    </ClCompile>
    <ClCompile Include="Network\TinyNetwork.cpp">
      <Filter>源文件\Network</Filter>
    </ClCompile>
    <ClCompile Include="Common\TinyObject.cpp">
      <Filter>源文件\Common</Filter>
    </ClCompile>
    <ClCompile Include="Control\TinyMenu.cpp">
      <Filter>源文件\Control</Filter>
    </ClCompile>
    <ClCompile Include="Render\TinyRectTracker.cpp">
      <Filter>源文件\Control</Filter>
    </ClCompile>
    <ClCompile Include="Render\TinyRenderTarget.cpp">
      <Filter>源文件\Render</Filter>
    </ClCompile>
    <ClCompile Include="Control\TinyRebar.cpp">
      <Filter>源文件\Control</Filter>
    </ClCompile>
    <ClCompile Include="Control\TinyRadioButton.cpp">
      <Filter>源文件\Control</Filter>
    </ClCompile>
    <ClCompile Include="Control\TinyProgressBar.cpp">
      <Filter>源文件\Control</Filter>
    </ClCompile>
    <ClCompile Include="Control\TinyRichTextBox.cpp">
      <Filter>源文件\Control</Filter>
    </ClCompile>
    <ClCompile Include="Control\TinyScrollBar.cpp">
      <Filter>源文件\Control</Filter>
    </ClCompile>
    <ClCompile Include="Control\TinyScrollBox.cpp">
      <Filter>源文件\Control</Filter>
    </ClCompile>
    <ClCompile Include="Control\TinyTabBox.cpp">
      <Filter>源文件\Control</Filter>
    </ClCompile>
    <ClCompile Include="Control\TinyTabControl.cpp">
      <Filter>源文件\Control</Filter>
    </ClCompile>
    <ClCompile Include="Control\TinyTextBox.cpp">
      <Filter>源文件\Control</Filter>
    </ClCompile>
    <ClCompile Include="Common\TinyThunk.cpp">
      <Filter>源文件\Common</Filter>
    </ClCompile>
    <ClCompile Include="Common\TinyTime.cpp">
      <Filter>源文件\Common</Filter>
    </ClCompile>
    <ClCompile Include="Common\TinyString.cpp">
      <Filter>源文件\Common</Filter>
    </ClCompile>
    <ClCompile Include="Common\TinyStringPiece.cpp">
      <Filter>源文件\Common</Filter>
    </ClCompile>
    <ClCompile Include="IO\TinyStringReader.cpp">
      <Filter>源文件\Common</Filter>
    </ClCompile>
    <ClCompile Include="Database\TinySqlite.cpp">
      <Filter>源文件\Database</Filter>
    </ClCompile>
    <ClCompile Include="Network\TinyPing.cpp">
      <Filter>源文件\Network</Filter>
    </ClCompile>
    <ClCompile Include="IO\TinyPipe.cpp">
      <Filter>源文件\Common</Filter>
    </ClCompile>
    <ClCompile Include="IO\TinyProcess.cpp">
      <Filter>源文件\Common</Filter>
    </ClCompile>
    <ClCompile Include="Control\TinyShadow.cpp">
      <Filter>源文件\Control</Filter>
    </ClCompile>
    <ClCompile Include="IO\TinySharedMemory.cpp">
      <Filter>源文件\IO</Filter>
    </ClCompile>
    <ClCompile Include="IO\TinyRingQueue.cpp">
      <Filter>源文件\IO</Filter>
    </ClCompile>
    <ClCompile Include="IO\TinyRingBuffer.cpp">
      <Filter>源文件\IO</Filter>
    </ClCompile>
    <ClCompile Include="Common\TinySignal.cpp">
      <Filter>源文件\Common</Filter>
    </ClCompile>
    <ClCompile Include="Control\TinyToolBar.cpp">
      <Filter>源文件\Control</Filter>
    </ClCompile>
    <ClCompile Include="Control\TinyTrackBar.cpp">
      <Filter>源文件\Control</Filter>
    </ClCompile>
    <ClCompile Include="Common\TinyTreeBox.cpp">
      <Filter>源文件\Control</Filter>
    </ClCompile>
    <ClCompile Include="Control\TinyTreeView.cpp">
      <Filter>源文件\Control</Filter>
    </ClCompile>
    <ClCompile Include="Network\TinySocket.cpp">
      <Filter>源文件\Network</Filter>
    </ClCompile>
    <ClCompile Include="Media\TinySoundCapture.cpp">
      <Filter>源文件\Media</Filter>
    </ClCompile>
    <ClCompile Include="Media\TinySoundPlayer.cpp">
      <Filter>源文件\Media</Filter>
    </ClCompile>
    <ClCompile Include="XML\tinystr.cpp">
      <Filter>源文件\XML</Filter>
    </ClCompile>
    <ClCompile Include="Common\TinyShell.cpp">
      <Filter>源文件\Common</Filter>
    </ClCompile>
    <ClCompile Include="Windowless\TinyVisual.cpp">
      <Filter>源文件\Windowless</Filter>
    </ClCompile>
    <ClCompile Include="Windowless\TinyVisualCommon.cpp">
      <Filter>源文件\Windowless</Filter>
    </ClCompile>
    <ClCompile Include="Windowless\TinyVisualDocument.cpp">
      <Filter>源文件\Windowless</Filter>
    </ClCompile>
    <ClCompile Include="Windowless\TinyVisualEvent.cpp">
      <Filter>源文件\Windowless</Filter>
    </ClCompile>
    <ClCompile Include="Windowless\TinyVisualStyle.cpp">
      <Filter>源文件\Windowless</Filter>
    </ClCompile>
    <ClCompile Include="Windowless\TinyVisualWindow.cpp">
      <Filter>源文件\Windowless</Filter>
    </ClCompile>
    <ClCompile Include="Windowless\TinyVisualWindowless.cpp">
      <Filter>源文件\Windowless</Filter>
    </ClCompile>
    <ClCompile Include="Windowless\TinyVisualWND.cpp">
      <Filter>源文件\Windowless</Filter>
    </ClCompile>
    <ClCompile Include="IO\TinyThread.cpp">
      <Filter>源文件\IO</Filter>
    </ClCompile>
    <ClCompile Include="IO\TinyThreadPool.cpp">
      <Filter>源文件\IO</Filter>
    </ClCompile>
    <ClCompile Include="Media\TinyWASAPIAudio.cpp">
      <Filter>源文件\Media</Filter>
    </ClCompile>
    <ClCompile Include="Media\TinyWASAPIAudioCapture.cpp">
      <Filter>源文件\Media</Filter>
    </ClCompile>
    <ClCompile Include="Media\TinyWASAPIAudioRender.cpp">
      <Filter>源文件\Media</Filter>
    </ClCompile>
    <ClCompile Include="Media\TinyWave.cpp">
      <Filter>源文件\Media</Filter>
    </ClCompile>
    <ClCompile Include="Render\TinyTransform.cpp">
      <Filter>源文件\Render</Filter>
    </ClCompile>
    <ClCompile Include="Common\TinyTuple.cpp">
      <Filter>源文件\Common</Filter>
    </ClCompile>
    <ClCompile Include="Network\TinyURL.cpp">
      <Filter>源文件\Network</Filter>
    </ClCompile>
    <ClCompile Include="Common\TinyUtility.cpp">
      <Filter>源文件\Common</Filter>
    </ClCompile>
    <ClCompile Include="Network\TinyWebSocketClient.cpp">
      <Filter>源文件\Network</Filter>
    </ClCompile>
    <ClCompile Include="IO\TinyWin32Threadpool.cpp">
      <Filter>源文件\IO</Filter>
    </ClCompile>
    <ClCompile Include="Media\TinyXAudio.cpp">
      <Filter>源文件\Media</Filter>
    </ClCompile>
    <ClCompile Include="Common\TinyWindow.cpp">
      <Filter>源文件\Control</Filter>
    </ClCompile>
    <ClCompile Include="Common\TinyWindowMsg.cpp">
      <Filter>源文件\Control</Filter>
    </ClCompile>
    <ClCompile Include="XML\tinyxml.cpp">
      <Filter>源文件\XML</Filter>
    </ClCompile>
    <ClCompile Include="XML\tinyxmlerror.cpp">
      <Filter>源文件\XML</Filter>
    </ClCompile>
    <ClCompile Include="XML\TinyXMLParse.cpp">
      <Filter>源文件\XML</Filter>
    </ClCompile>
    <ClCompile Include="XML\tinyxmlparser.cpp">
      <Filter>源文件\XML</Filter>
    </ClCompile>
    <ClCompile Include="Render\TinyTheme.cpp">
      <Filter>源文件\Control</Filter>
    </ClCompile>
    <ClCompile Include="Windowless\TinyVisualManage.cpp">
      <Filter>源文件\Windowless</Filter>
    </ClCompile>
    <ClCompile Include="Windowless\TinyVisualShadow.cpp">
      <Filter>源文件\Windowless</Filter>
    </ClCompile>
    <ClCompile Include="Windowless\TinyVisualButton.cpp">
      <Filter>源文件\Windowless</Filter>
    </ClCompile>
    <ClCompile Include="Windowless\TinyVisualLabel.cpp">
      <Filter>源文件\Windowless</Filter>
    </ClCompile>
  </ItemGroup>
  <ItemGroup>
    <ClInclude Include="resource.h">
      <Filter>头文件</Filter>
    </ClInclude>
    <ClInclude Include="stdafx.h">
      <Filter>头文件</Filter>
    </ClInclude>
    <ClInclude Include="targetver.h">
      <Filter>头文件</Filter>
    </ClInclude>
    <ClInclude Include="HDE\hde32.h">
      <Filter>头文件\HDE</Filter>
    </ClInclude>
    <ClInclude Include="HDE\hde64.h">
      <Filter>头文件\HDE</Filter>
    </ClInclude>
    <ClInclude Include="HDE\pstdint.h">
      <Filter>头文件\HDE</Filter>
    </ClInclude>
    <ClInclude Include="HDE\table32.h">
      <Filter>头文件\HDE</Filter>
    </ClInclude>
    <ClInclude Include="HDE\table64.h">
      <Filter>头文件\HDE</Filter>
    </ClInclude>
    <ClInclude Include="Media\TinyAACFile.h">
      <Filter>头文件\Media</Filter>
    </ClInclude>
    <ClInclude Include="Database\TinyAdo.h">
      <Filter>头文件\Database</Filter>
    </ClInclude>
    <ClInclude Include="IO\TinyAsync.h">
      <Filter>头文件\IO</Filter>
    </ClInclude>
    <ClInclude Include="Media\TinyAudioMixer.h">
      <Filter>头文件\Media</Filter>
    </ClInclude>
    <ClInclude Include="IO\TinyBitReader.h">
      <Filter>头文件\IO</Filter>
    </ClInclude>
    <ClInclude Include="IO\TinyBitWriter.h">
      <Filter>头文件\IO</Filter>
    </ClInclude>
    <ClInclude Include="Common\TinyCallback.h">
      <Filter>头文件\Common</Filter>
    </ClInclude>
    <ClInclude Include="Windowless\TinyVisual.h">
      <Filter>头文件\Windowless</Filter>
    </ClInclude>
    <ClInclude Include="Windowless\TinyVisualCommon.h">
      <Filter>头文件\Windowless</Filter>
    </ClInclude>
    <ClInclude Include="Windowless\TinyVisualDocument.h">
      <Filter>头文件\Windowless</Filter>
    </ClInclude>
    <ClInclude Include="Windowless\TinyVisualEvent.h">
      <Filter>头文件\Windowless</Filter>
    </ClInclude>
    <ClInclude Include="Windowless\TinyVisualManage.h">
      <Filter>头文件\Windowless</Filter>
    </ClInclude>
    <ClInclude Include="Windowless\TinyVisualShadow.h">
      <Filter>头文件\Windowless</Filter>
    </ClInclude>
    <ClInclude Include="Windowless\TinyVisualStyle.h">
      <Filter>头文件\Windowless</Filter>
    </ClInclude>
    <ClInclude Include="Windowless\TinyVisualWindow.h">
      <Filter>头文件\Windowless</Filter>
    </ClInclude>
    <ClInclude Include="Windowless\TinyVisualWindowless.h">
      <Filter>头文件\Windowless</Filter>
    </ClInclude>
    <ClInclude Include="Windowless\TinyVisualWND.h">
      <Filter>头文件\Windowless</Filter>
    </ClInclude>
    <ClInclude Include="Common\TinyApplication.h">
      <Filter>头文件\Common</Filter>
    </ClInclude>
    <ClInclude Include="Control\TinyAnimate.h">
      <Filter>头文件\Control</Filter>
    </ClInclude>
    <ClInclude Include="Render\TinyCanvas.h">
      <Filter>头文件\Render</Filter>
    </ClInclude>
    <ClInclude Include="Media\TinyAudioDSPCapture.h">
      <Filter>头文件\Media</Filter>
    </ClInclude>
    <ClInclude Include="Common\TinyCollection.h">
      <Filter>头文件\Common</Filter>
    </ClInclude>
    <ClInclude Include="Common\TinyCommon.h">
      <Filter>头文件\Common</Filter>
    </ClInclude>
    <ClInclude Include="Common\TinyConcurrency.h">
      <Filter>头文件\Common</Filter>
    </ClInclude>
    <ClInclude Include="Common\TinyCore.h">
      <Filter>头文件\Common</Filter>
    </ClInclude>
    <ClInclude Include="Common\TinyDelegate.h">
      <Filter>头文件\Common</Filter>
    </ClInclude>
    <ClInclude Include="Common\TinyError.h">
      <Filter>头文件\Common</Filter>
    </ClInclude>
    <ClInclude Include="Common\TinyEvent.h">
      <Filter>头文件\Common</Filter>
    </ClInclude>
    <ClInclude Include="Common\TinyHook.h">
      <Filter>头文件\Common</Filter>
    </ClInclude>
    <ClInclude Include="Control\TinyButton.h">
      <Filter>头文件\Control</Filter>
    </ClInclude>
    <ClInclude Include="Control\TinyCheckBox.h">
      <Filter>头文件\Control</Filter>
    </ClInclude>
    <ClInclude Include="Control\TinyComboBox.h">
      <Filter>头文件\Control</Filter>
    </ClInclude>
    <ClInclude Include="Control\TinyColumn.h">
      <Filter>头文件\Control</Filter>
    </ClInclude>
    <ClInclude Include="Control\TinyContextMenu.h">
      <Filter>头文件\Control</Filter>
    </ClInclude>
    <ClInclude Include="Control\TinyCommonDialog.h">
      <Filter>头文件\Control</Filter>
    </ClInclude>
    <ClInclude Include="Control\TinyControl.h">
      <Filter>头文件\Control</Filter>
    </ClInclude>
    <ClInclude Include="Control\TinyCustomDialog.h">
      <Filter>头文件\Control</Filter>
    </ClInclude>
    <ClInclude Include="Database\TinyDatabase.h">
      <Filter>头文件\Database</Filter>
    </ClInclude>
    <ClInclude Include="Control\TinyFileView.h">
      <Filter>头文件\Control</Filter>
    </ClInclude>
    <ClInclude Include="Common\TinyDialog.h">
      <Filter>头文件\Control</Filter>
    </ClInclude>
    <ClInclude Include="Control\TinyFolderView.h">
      <Filter>头文件\Control</Filter>
    </ClInclude>
    <ClInclude Include="Control\TinyImageButton.h">
      <Filter>头文件\Control</Filter>
    </ClInclude>
    <ClInclude Include="Control\TinyImageList.h">
      <Filter>头文件\Control</Filter>
    </ClInclude>
    <ClInclude Include="IO\TinyIO.h">
      <Filter>头文件\IO</Filter>
    </ClInclude>
    <ClInclude Include="IO\TinyIOBuffer.h">
      <Filter>头文件\IO</Filter>
    </ClInclude>
    <ClInclude Include="IO\TinyIOCP.h">
      <Filter>头文件\Network</Filter>
    </ClInclude>
    <ClInclude Include="Media\TinyMFAACDecode.h">
      <Filter>头文件\Media</Filter>
    </ClInclude>
    <ClInclude Include="Media\TinyMFAACEncode.h">
      <Filter>头文件\Media</Filter>
    </ClInclude>
    <ClInclude Include="Media\TinyMFAsyncCallback.h">
      <Filter>头文件\Media</Filter>
    </ClInclude>
    <ClInclude Include="Media\TinyMFDecode.h">
      <Filter>头文件\Media</Filter>
    </ClInclude>
    <ClInclude Include="Media\TinyMFEncode.h">
      <Filter>头文件\Media</Filter>
    </ClInclude>
    <ClInclude Include="Media\TinyMFH264Decode.h">
      <Filter>头文件\Media</Filter>
    </ClInclude>
    <ClInclude Include="Media\TinyMFH264Encode.h">
      <Filter>头文件\Media</Filter>
    </ClInclude>
    <ClInclude Include="Media\TinyMFIntelQSVDecode.h">
      <Filter>头文件\Media</Filter>
    </ClInclude>
    <ClInclude Include="Media\TinyMFMP3Decode.h">
      <Filter>头文件\Media</Filter>
    </ClInclude>
    <ClInclude Include="Media\TinyMFMP3Encode.h">
      <Filter>头文件\Media</Filter>
    </ClInclude>
    <ClInclude Include="Media\TinyMFResampler.h">
      <Filter>头文件\Media</Filter>
    </ClInclude>
    <ClInclude Include="Media\TinyMP3File.h">
      <Filter>头文件\Media</Filter>
    </ClInclude>
    <ClInclude Include="Media\TinyMP4File.h">
      <Filter>头文件\Media</Filter>
    </ClInclude>
    <ClInclude Include="Common\TinyObject.h">
      <Filter>头文件\Common</Filter>
    </ClInclude>
    <ClInclude Include="IO\TinyPipe.h">
      <Filter>头文件\Common</Filter>
    </ClInclude>
    <ClInclude Include="IO\TinyProcess.h">
      <Filter>头文件\Common</Filter>
    </ClInclude>
    <ClInclude Include="Common\TinyShell.h">
      <Filter>头文件\Common</Filter>
    </ClInclude>
    <ClInclude Include="Common\TinySignal.h">
      <Filter>头文件\Common</Filter>
    </ClInclude>
    <ClInclude Include="Common\TinyString.h">
      <Filter>头文件\Common</Filter>
    </ClInclude>
    <ClInclude Include="Common\TinyStringPiece.h">
      <Filter>头文件\Common</Filter>
    </ClInclude>
    <ClInclude Include="IO\TinyStringReader.h">
      <Filter>头文件\Common</Filter>
    </ClInclude>
    <ClInclude Include="Common\TinyThunk.h">
      <Filter>头文件\Common</Filter>
    </ClInclude>
    <ClInclude Include="Network\TinyURL.h">
      <Filter>头文件\Common</Filter>
    </ClInclude>
    <ClInclude Include="Common\TinyUtility.h">
      <Filter>头文件\Common</Filter>
    </ClInclude>
    <ClInclude Include="Render\TinyDDraw.h">
      <Filter>头文件\Render</Filter>
    </ClInclude>
    <ClInclude Include="IO\TinyFixedAlloc.h">
      <Filter>头文件\IO</Filter>
    </ClInclude>
    <ClInclude Include="Common\TinyHandleMap.h">
      <Filter>头文件\Common</Filter>
    </ClInclude>
    <ClInclude Include="Network\TinyHTTPClient.h">
      <Filter>头文件\Network</Filter>
    </ClInclude>
    <ClInclude Include="Network\TinyHTTPCommon.h">
      <Filter>头文件\Network</Filter>
    </ClInclude>
    <ClInclude Include="Render\TinyGDI.h">
      <Filter>头文件\Render</Filter>
    </ClInclude>
    <ClInclude Include="Control\TinyHotKey.h">
      <Filter>头文件\Control</Filter>
    </ClInclude>
    <ClInclude Include="Network\TinyInternet.h">
      <Filter>头文件\Network</Filter>
    </ClInclude>
    <ClInclude Include="Render\TinyImage.h">
      <Filter>头文件\Render</Filter>
    </ClInclude>
    <ClInclude Include="Control\TinyIPAddress.h">
      <Filter>头文件\Network</Filter>
    </ClInclude>
    <ClInclude Include="Control\TinyLabel.h">
      <Filter>头文件\Control</Filter>
    </ClInclude>
    <ClInclude Include="Control\TinyListBox.h">
      <Filter>头文件\Control</Filter>
    </ClInclude>
    <ClInclude Include="Control\TinyListView.h">
      <Filter>头文件\Control</Filter>
    </ClInclude>
    <ClInclude Include="Control\TinyMenu.h">
      <Filter>头文件\Control</Filter>
    </ClInclude>
    <ClInclude Include="Control\TinyProgressBar.h">
      <Filter>头文件\Control</Filter>
    </ClInclude>
    <ClInclude Include="Control\TinyRadioButton.h">
      <Filter>头文件\Control</Filter>
    </ClInclude>
    <ClInclude Include="Control\TinyRebar.h">
      <Filter>头文件\Control</Filter>
    </ClInclude>
    <ClInclude Include="Control\TinyRichTextBox.h">
      <Filter>头文件\Control</Filter>
    </ClInclude>
    <ClInclude Include="Control\TinyScrollBar.h">
      <Filter>头文件\Control</Filter>
    </ClInclude>
    <ClInclude Include="Control\TinyScrollBox.h">
      <Filter>头文件\Control</Filter>
    </ClInclude>
    <ClInclude Include="Control\TinyShadow.h">
      <Filter>头文件\Control</Filter>
    </ClInclude>
    <ClInclude Include="Control\TinyTabBox.h">
      <Filter>头文件\Control</Filter>
    </ClInclude>
    <ClInclude Include="Control\TinyTabControl.h">
      <Filter>头文件\Control</Filter>
    </ClInclude>
    <ClInclude Include="Control\TinyTextBox.h">
      <Filter>头文件\Control</Filter>
    </ClInclude>
    <ClInclude Include="Control\TinyToolBar.h">
      <Filter>头文件\Control</Filter>
    </ClInclude>
    <ClInclude Include="Common\TinyTreeBox.h">
      <Filter>头文件\Control</Filter>
    </ClInclude>
    <ClInclude Include="Control\TinyTreeView.h">
      <Filter>头文件\Control</Filter>
    </ClInclude>
    <ClInclude Include="Network\TinyIOServer.h">
      <Filter>头文件\Network</Filter>
    </ClInclude>
    <ClInclude Include="IO\TinySharedMemory.h">
      <Filter>头文件\IO</Filter>
    </ClInclude>
    <ClInclude Include="IO\TinyRingQueue.h">
      <Filter>头文件\IO</Filter>
    </ClInclude>
    <ClInclude Include="IO\TinyRingBuffer.h">
      <Filter>头文件\IO</Filter>
    </ClInclude>
    <ClInclude Include="Common\TinyMsg.h">
      <Filter>头文件\Common</Filter>
    </ClInclude>
    <ClInclude Include="Network\TinyPing.h">
      <Filter>头文件\Network</Filter>
    </ClInclude>
    <ClInclude Include="IO\TinyThread.h">
      <Filter>头文件\IO</Filter>
    </ClInclude>
    <ClInclude Include="IO\TinyThreadPool.h">
      <Filter>头文件\IO</Filter>
    </ClInclude>
    <ClInclude Include="XML\tinystr.h">
      <Filter>头文件\XML</Filter>
    </ClInclude>
    <ClInclude Include="Media\TinyMedia.h">
      <Filter>头文件\Media</Filter>
    </ClInclude>
    <ClInclude Include="Network\TinyNetwork.h">
      <Filter>头文件\Network</Filter>
    </ClInclude>
    <ClInclude Include="Network\TinySocket.h">
      <Filter>头文件\Network</Filter>
    </ClInclude>
    <ClInclude Include="XML\TinyXMLParse.h">
      <Filter>头文件\XML</Filter>
    </ClInclude>
    <ClInclude Include="XML\tinyxml.h">
      <Filter>头文件\XML</Filter>
    </ClInclude>
    <ClInclude Include="Common\TinyLogging.h">
      <Filter>头文件\Common</Filter>
    </ClInclude>
    <ClInclude Include="Common\TinyModule.h">
      <Filter>头文件\Common</Filter>
    </ClInclude>
    <ClInclude Include="Common\TinyTime.h">
      <Filter>头文件\Common</Filter>
    </ClInclude>
    <ClInclude Include="Common\TinyTuple.h">
      <Filter>头文件\Common</Filter>
    </ClInclude>
    <ClInclude Include="Database\TinyMySQL.h">
      <Filter>头文件\Database</Filter>
    </ClInclude>
    <ClInclude Include="Render\TinyRectTracker.h">
      <Filter>头文件\Render</Filter>
    </ClInclude>
    <ClInclude Include="Control\TinyTrackBar.h">
      <Filter>头文件\Control</Filter>
    </ClInclude>
    <ClInclude Include="Media\TinySoundPlayer.h">
      <Filter>头文件\Media</Filter>
    </ClInclude>
    <ClInclude Include="Media\TinySoundCapture.h">
      <Filter>头文件\Media</Filter>
    </ClInclude>
    <ClInclude Include="Media\TinyWASAPIAudio.h">
      <Filter>头文件\Media</Filter>
    </ClInclude>
    <ClInclude Include="Media\TinyWASAPIAudioCapture.h">
      <Filter>头文件\Media</Filter>
    </ClInclude>
    <ClInclude Include="Media\TinyWASAPIAudioRender.h">
      <Filter>头文件\Media</Filter>
    </ClInclude>
    <ClInclude Include="Media\TinyXAudio.h">
      <Filter>头文件\Media</Filter>
    </ClInclude>
    <ClInclude Include="Database\TinySqlite.h">
      <Filter>头文件\Database</Filter>
    </ClInclude>
    <ClInclude Include="IO\TinyMsgQueue.h">
      <Filter>头文件\IO</Filter>
    </ClInclude>
    <ClInclude Include="Render\TinyRenderTarget.h">
      <Filter>头文件\Render</Filter>
    </ClInclude>
    <ClInclude Include="Media\TinyWave.h">
      <Filter>头文件\Media</Filter>
    </ClInclude>
    <ClInclude Include="Network\TinyWebSocketClient.h">
      <Filter>头文件\Network</Filter>
    </ClInclude>
    <ClInclude Include="IO\TinyWin32Threadpool.h">
      <Filter>头文件\IO</Filter>
    </ClInclude>
    <ClInclude Include="Common\TinyWindowMsg.h">
      <Filter>头文件\Control</Filter>
    </ClInclude>
    <ClInclude Include="Common\TinyWindow.h">
      <Filter>头文件\Control</Filter>
    </ClInclude>
    <ClInclude Include="Render\TinyTransform.h">
      <Filter>头文件\Render</Filter>
    </ClInclude>
    <ClInclude Include="Render\TinyTheme.h">
      <Filter>头文件\Control</Filter>
    </ClInclude>
    <ClInclude Include="Network\TinyDNS.h">
      <Filter>头文件\Network</Filter>
    </ClInclude>
    <ClInclude Include="Windowless\TinyVisualLabel.h">
      <Filter>头文件\Windowless</Filter>
    </ClInclude>
    <ClInclude Include="Windowless\TinyVisualButton.h">
      <Filter>头文件\Windowless</Filter>
    </ClInclude>
  </ItemGroup>
  <ItemGroup>
    <Filter Include="头文件">
      <UniqueIdentifier>{a1ff6450-87cd-47c4-9659-f0abd947d546}</UniqueIdentifier>
    </Filter>
    <Filter Include="源文件">
      <UniqueIdentifier>{4d468d56-8e53-488f-b336-e44d0d1ad064}</UniqueIdentifier>
    </Filter>
    <Filter Include="头文件\Common">
      <UniqueIdentifier>{dbeb49a4-0d21-4fac-b5ff-3fc011b83449}</UniqueIdentifier>
    </Filter>
    <Filter Include="头文件\Control">
      <UniqueIdentifier>{c6713f24-6ef4-46d9-bdfa-631ede90ccf4}</UniqueIdentifier>
    </Filter>
    <Filter Include="头文件\Database">
      <UniqueIdentifier>{3769848c-71d0-4a12-930a-ffebc771ef0b}</UniqueIdentifier>
    </Filter>
    <Filter Include="头文件\HDE">
      <UniqueIdentifier>{ddf1836f-85c5-4776-bb3d-d2416da3f290}</UniqueIdentifier>
    </Filter>
    <Filter Include="头文件\IO">
      <UniqueIdentifier>{d4747d7a-6a07-458e-a5e4-2b9a46e94e3f}</UniqueIdentifier>
    </Filter>
    <Filter Include="头文件\Media">
      <UniqueIdentifier>{3f8b293b-75b8-44c5-9c38-6118cb7f217b}</UniqueIdentifier>
    </Filter>
    <Filter Include="头文件\Network">
      <UniqueIdentifier>{086c5a71-2ff9-4a12-94cb-94398c520c4a}</UniqueIdentifier>
    </Filter>
    <Filter Include="头文件\Render">
      <UniqueIdentifier>{04b09404-9dc6-485a-97c2-a0254f90e631}</UniqueIdentifier>
    </Filter>
    <Filter Include="头文件\Windowless">
      <UniqueIdentifier>{7d8cc3f1-0611-4b30-80b2-ff86d541f4fb}</UniqueIdentifier>
    </Filter>
    <Filter Include="头文件\XML">
      <UniqueIdentifier>{bbd42f91-1002-467c-94bc-22281ca7bf5d}</UniqueIdentifier>
    </Filter>
    <Filter Include="源文件\Common">
      <UniqueIdentifier>{12bd823f-f1ba-45ea-9ee2-b76fd151a7fd}</UniqueIdentifier>
    </Filter>
    <Filter Include="源文件\Control">
      <UniqueIdentifier>{59ed6888-045f-4134-bea5-e7f452be3199}</UniqueIdentifier>
    </Filter>
    <Filter Include="源文件\Database">
      <UniqueIdentifier>{dc132431-41ff-4cc8-ad8d-ae3a0c94138a}</UniqueIdentifier>
    </Filter>
    <Filter Include="源文件\HDE">
      <UniqueIdentifier>{cfe20f9e-c8c8-4135-8ff7-d02791f391c0}</UniqueIdentifier>
    </Filter>
    <Filter Include="源文件\IO">
      <UniqueIdentifier>{2147a79d-d242-4ddb-9e19-db2fc5bb8418}</UniqueIdentifier>
    </Filter>
    <Filter Include="源文件\Media">
      <UniqueIdentifier>{d1bb15a4-102e-412e-8353-5743e7c72c4e}</UniqueIdentifier>
    </Filter>
    <Filter Include="源文件\Network">
      <UniqueIdentifier>{ebe39d0c-7a4b-4a56-8836-d89cac1916f0}</UniqueIdentifier>
    </Filter>
    <Filter Include="源文件\Render">
      <UniqueIdentifier>{d1925fc6-9fd2-40e4-b874-7196cf276a64}</UniqueIdentifier>
    </Filter>
    <Filter Include="源文件\Windowless">
      <UniqueIdentifier>{84f0d90a-737b-4efa-bbab-1c364d43e864}</UniqueIdentifier>
    </Filter>
    <Filter Include="源文件\XML">
      <UniqueIdentifier>{5828120c-fb02-493d-ad0b-27317b62d43a}</UniqueIdentifier>
    </Filter>
  </ItemGroup>
</Project>