<?xml version="1.0" encoding="utf-8"?>
<Project ToolsVersion="4.0" xmlns="http://schemas.microsoft.com/developer/msbuild/2003">
  <ItemGroup>
    <Filter Include="源文件">
      <UniqueIdentifier>{4FC737F1-C7A5-4376-A066-2A32D752A2FF}</UniqueIdentifier>
      <Extensions>cpp;c;cc;cxx;def;odl;idl;hpj;bat;asm;asmx</Extensions>
    </Filter>
    <Filter Include="头文件">
      <UniqueIdentifier>{93995380-89BD-4b04-88EB-625FBE52EBFB}</UniqueIdentifier>
      <Extensions>h;hh;hpp;hxx;hm;inl;inc;xsd</Extensions>
    </Filter>
    <Filter Include="资源文件">
      <UniqueIdentifier>{67DA6AB6-F800-4c08-8B7A-83BB121AAD01}</UniqueIdentifier>
      <Extensions>rc;ico;cur;bmp;dlg;rc2;rct;bin;rgs;gif;jpg;jpeg;jpe;resx;tiff;tif;png;wav;mfcribbon-ms</Extensions>
    </Filter>
  </ItemGroup>
  <ItemGroup>
    <Text Include="ReadMe.txt" />
  </ItemGroup>
  <ItemGroup>
    <ClInclude Include="stdafx.h">
      <Filter>头文件</Filter>
    </ClInclude>
    <ClInclude Include="targetver.h">
      <Filter>头文件</Filter>
    </ClInclude>
    <ClInclude Include="Resource.h">
      <Filter>头文件</Filter>
    </ClInclude>
    <ClInclude Include="MShowApp.h">
      <Filter>头文件</Filter>
    </ClInclude>
    <ClInclude Include="DXView.h">
      <Filter>头文件</Filter>
    </ClInclude>
    <ClInclude Include="MShowWindow.h">
      <Filter>头文件</Filter>
    </ClInclude>
    <ClInclude Include="MShowCommon.h">
      <Filter>头文件</Filter>
    </ClInclude>
    <ClInclude Include="MVideoTask.h">
      <Filter>头文件</Filter>
    </ClInclude>
    <ClInclude Include="MAudioTask.h">
      <Filter>头文件</Filter>
    </ClInclude>
    <ClInclude Include="MPacketQueue.h">
      <Filter>头文件</Filter>
    </ClInclude>
    <ClInclude Include="MClock.h">
      <Filter>头文件</Filter>
    </ClInclude>
    <ClInclude Include="MAudioRenderTask.h">
      <Filter>头文件</Filter>
    </ClInclude>
    <ClInclude Include="MVideoRenderTask.h">
      <Filter>头文件</Filter>
    </ClInclude>
    <ClInclude Include="MFLVTask.h">
      <Filter>头文件</Filter>
    </ClInclude>
  </ItemGroup>
  <ItemGroup>
    <ClCompile Include="stdafx.cpp">
      <Filter>源文件</Filter>
    </ClCompile>
    <ClCompile Include="MShowApp.cpp">
      <Filter>源文件</Filter>
    </ClCompile>
    <ClCompile Include="DXView.cpp">
      <Filter>源文件</Filter>
    </ClCompile>
    <ClCompile Include="MShowWindow.cpp">
      <Filter>源文件</Filter>
    </ClCompile>
    <ClCompile Include="MShowCommon.cpp">
      <Filter>源文件</Filter>
    </ClCompile>
    <ClCompile Include="MVideoTask.cpp">
      <Filter>源文件</Filter>
    </ClCompile>
    <ClCompile Include="MAudioTask.cpp">
      <Filter>源文件</Filter>
    </ClCompile>
    <ClCompile Include="MPacketQueue.cpp">
      <Filter>源文件</Filter>
    </ClCompile>
    <ClCompile Include="MClock.cpp">
      <Filter>源文件</Filter>
    </ClCompile>
    <ClCompile Include="MAudioRenderTask.cpp">
      <Filter>源文件</Filter>
    </ClCompile>
    <ClCompile Include="MVideoRenderTask.cpp">
      <Filter>源文件</Filter>
    </ClCompile>
    <ClCompile Include="MFLVTask.cpp">
      <Filter>源文件</Filter>
    </ClCompile>
  </ItemGroup>
  <ItemGroup>
    <ResourceCompile Include="MShowApp.rc">
      <Filter>资源文件</Filter>
    </ResourceCompile>
  </ItemGroup>
  <ItemGroup>
    <Image Include="small.ico">
      <Filter>资源文件</Filter>
    </Image>
    <Image Include="MShowApp.ico">
      <Filter>资源文件</Filter>
    </Image>
  </ItemGroup>
</Project>