<?xml version="1.0" encoding="utf-8"?>
<Project ToolsVersion="4.0" xmlns="http://schemas.microsoft.com/developer/msbuild/2003">
  <ItemGroup>
    <Filter Include="源文件">
      <UniqueIdentifier>{4FC737F1-C7A5-4376-A066-2A32D752A2FF}</UniqueIdentifier>
      <Extensions>cpp;c;cc;cxx;def;odl;idl;hpj;bat;asm;asmx</Extensions>
    </Filter>
    <Filter Include="头文件">
      <UniqueIdentifier>{93995380-89BD-4b04-88EB-625FBE52EBFB}</UniqueIdentifier>
      <Extensions>h;hh;hpp;hxx;hm;inl;inc;xsd</Extensions>
    </Filter>
    <Filter Include="资源文件">
      <UniqueIdentifier>{67DA6AB6-F800-4c08-8B7A-83BB121AAD01}</UniqueIdentifier>
      <Extensions>rc;ico;cur;bmp;dlg;rc2;rct;bin;rgs;gif;jpg;jpeg;jpe;resx;tiff;tif;png;wav;mfcribbon-ms</Extensions>
    </Filter>
    <Filter Include="源文件\Scene">
      <UniqueIdentifier>{dd7fb5ba-dd30-41b2-a5a8-c5b13247b755}</UniqueIdentifier>
    </Filter>
    <Filter Include="头文件\Scene">
      <UniqueIdentifier>{e1cd38fd-6fd4-4713-bfc9-a12e08b01304}</UniqueIdentifier>
    </Filter>
    <Filter Include="头文件\Dialog">
      <UniqueIdentifier>{9b7c549a-5bc5-4c47-9788-d4571448b987}</UniqueIdentifier>
    </Filter>
    <Filter Include="源文件\Dialog">
      <UniqueIdentifier>{c5daaf7e-a0c5-4acd-bf66-d88aa2d363ec}</UniqueIdentifier>
    </Filter>
    <Filter Include="头文件\Task">
      <UniqueIdentifier>{254e0076-8f26-4914-82c6-8c4f7bb1226d}</UniqueIdentifier>
    </Filter>
    <Filter Include="源文件\Task">
      <UniqueIdentifier>{eda9b022-482b-4993-989c-032b5c3069da}</UniqueIdentifier>
    </Filter>
    <Filter Include="头文件\Encode">
      <UniqueIdentifier>{a17f4fd8-1aa4-4f78-aafd-9d0ec12e9d20}</UniqueIdentifier>
    </Filter>
    <Filter Include="源文件\Encode">
      <UniqueIdentifier>{54097a1d-03fd-4d0c-85c7-3a08cac76137}</UniqueIdentifier>
    </Filter>
  </ItemGroup>
  <ItemGroup>
    <Text Include="ReadMe.txt" />
  </ItemGroup>
  <ItemGroup>
    <ClInclude Include="stdafx.h">
      <Filter>头文件</Filter>
    </ClInclude>
    <ClInclude Include="targetver.h">
      <Filter>头文件</Filter>
    </ClInclude>
    <ClInclude Include="Resource.h">
      <Filter>头文件</Filter>
    </ClInclude>
    <ClInclude Include="I420Converter.h">
      <Filter>头文件</Filter>
    </ClInclude>
    <ClInclude Include="RTMPClient.h">
      <Filter>头文件</Filter>
    </ClInclude>
    <ClInclude Include="Utility.h">
      <Filter>头文件</Filter>
    </ClInclude>
    <ClInclude Include="FFmpegResampler.h">
      <Filter>头文件</Filter>
    </ClInclude>
    <ClInclude Include="MainUI.h">
      <Filter>头文件</Filter>
    </ClInclude>
    <ClInclude Include="WindowScene.h">
      <Filter>头文件\Scene</Filter>
    </ClInclude>
    <ClInclude Include="VideoScene.h">
      <Filter>头文件\Scene</Filter>
    </ClInclude>
    <ClInclude Include="GameScene.h">
      <Filter>头文件\Scene</Filter>
    </ClInclude>
    <ClInclude Include="GameDlg.h">
      <Filter>头文件\Dialog</Filter>
    </ClInclude>
    <ClInclude Include="MediaCaptureDlg.h">
      <Filter>头文件\Dialog</Filter>
    </ClInclude>
    <ClInclude Include="WindowDlg.h">
      <Filter>头文件\Dialog</Filter>
    </ClInclude>
    <ClInclude Include="PublishTask.h">
      <Filter>头文件\Task</Filter>
    </ClInclude>
    <ClInclude Include="RenderTask.h">
      <Filter>头文件\Task</Filter>
    </ClInclude>
    <ClInclude Include="DXApp.h">
      <Filter>头文件</Filter>
    </ClInclude>
    <ClInclude Include="DXApplication.h">
      <Filter>头文件</Filter>
    </ClInclude>
    <ClInclude Include="DXFrameUI.h">
      <Filter>头文件</Filter>
    </ClInclude>
    <ClInclude Include="DXWindow.h">
      <Filter>头文件</Filter>
    </ClInclude>
    <ClInclude Include="ScreenScene.h">
      <Filter>头文件\Scene</Filter>
    </ClInclude>
    <ClInclude Include="Snapshot.h">
      <Filter>头文件</Filter>
    </ClInclude>
    <ClInclude Include="FindTool.h">
      <Filter>头文件</Filter>
    </ClInclude>
    <ClInclude Include="TextDlg.h">
      <Filter>头文件\Dialog</Filter>
    </ClInclude>
    <ClInclude Include="TextScene.h">
      <Filter>头文件\Scene</Filter>
    </ClInclude>
    <ClInclude Include="VideoEncode.h">
      <Filter>头文件\Encode</Filter>
    </ClInclude>
    <ClInclude Include="x264Encode.h">
      <Filter>头文件\Encode</Filter>
    </ClInclude>
    <ClInclude Include="FaacEncode.h">
      <Filter>头文件\Encode</Filter>
    </ClInclude>
    <ClInclude Include="AudioEncode.h">
      <Filter>头文件\Encode</Filter>
    </ClInclude>
    <ClInclude Include="ImageScene.h">
      <Filter>头文件\Scene</Filter>
    </ClInclude>
  </ItemGroup>
  <ItemGroup>
    <ClCompile Include="stdafx.cpp">
      <Filter>源文件</Filter>
    </ClCompile>
    <ClCompile Include="DXApp.cpp">
      <Filter>源文件</Filter>
    </ClCompile>
    <ClCompile Include="DXWindow.cpp">
      <Filter>源文件</Filter>
    </ClCompile>
    <ClCompile Include="DXApplication.cpp">
      <Filter>源文件</Filter>
    </ClCompile>
    <ClCompile Include="I420Converter.cpp">
      <Filter>源文件</Filter>
    </ClCompile>
    <ClCompile Include="RTMPClient.cpp">
      <Filter>源文件</Filter>
    </ClCompile>
    <ClCompile Include="Utility.cpp">
      <Filter>源文件</Filter>
    </ClCompile>
    <ClCompile Include="FFmpegResampler.cpp">
      <Filter>源文件</Filter>
    </ClCompile>
    <ClCompile Include="DXFrameUI.cpp">
      <Filter>源文件</Filter>
    </ClCompile>
    <ClCompile Include="MainUI.cpp">
      <Filter>源文件</Filter>
    </ClCompile>
    <ClCompile Include="GameScene.cpp">
      <Filter>源文件\Scene</Filter>
    </ClCompile>
    <ClCompile Include="WindowScene.cpp">
      <Filter>源文件\Scene</Filter>
    </ClCompile>
    <ClCompile Include="VideoScene.cpp">
      <Filter>源文件\Scene</Filter>
    </ClCompile>
    <ClCompile Include="GameDlg.cpp">
      <Filter>源文件\Dialog</Filter>
    </ClCompile>
    <ClCompile Include="MediaCaptureDlg.cpp">
      <Filter>源文件\Dialog</Filter>
    </ClCompile>
    <ClCompile Include="WindowDlg.cpp">
      <Filter>源文件\Dialog</Filter>
    </ClCompile>
    <ClCompile Include="PublishTask.cpp">
      <Filter>源文件\Task</Filter>
    </ClCompile>
    <ClCompile Include="RenderTask.cpp">
      <Filter>源文件\Task</Filter>
    </ClCompile>
    <ClCompile Include="ScreenScene.cpp">
      <Filter>源文件\Scene</Filter>
    </ClCompile>
    <ClCompile Include="Snapshot.cpp">
      <Filter>源文件</Filter>
    </ClCompile>
    <ClCompile Include="FindTool.cpp">
      <Filter>源文件</Filter>
    </ClCompile>
    <ClCompile Include="TextDlg.cpp">
      <Filter>源文件\Dialog</Filter>
    </ClCompile>
    <ClCompile Include="TextScene.cpp">
      <Filter>源文件\Scene</Filter>
    </ClCompile>
    <ClCompile Include="AudioEncode.cpp">
      <Filter>源文件\Encode</Filter>
    </ClCompile>
    <ClCompile Include="FaacEncode.cpp">
      <Filter>源文件\Encode</Filter>
    </ClCompile>
    <ClCompile Include="VideoEncode.cpp">
      <Filter>源文件\Encode</Filter>
    </ClCompile>
    <ClCompile Include="x264Encode.cpp">
      <Filter>源文件\Encode</Filter>
    </ClCompile>
    <ClCompile Include="ImageScene.cpp">
      <Filter>源文件\Scene</Filter>
    </ClCompile>
  </ItemGroup>
  <ItemGroup>
    <ResourceCompile Include="DXApp.rc">
      <Filter>资源文件</Filter>
    </ResourceCompile>
  </ItemGroup>
  <ItemGroup>
    <Image Include="small.ico">
      <Filter>资源文件</Filter>
    </Image>
    <Image Include="DXApp.ico">
      <Filter>资源文件</Filter>
    </Image>
    <Image Include="drag1.bmp">
      <Filter>资源文件</Filter>
    </Image>
    <Image Include="drag2.bmp">
      <Filter>资源文件</Filter>
    </Image>
  </ItemGroup>
  <ItemGroup>
    <None Include="cursor1.cur">
      <Filter>资源文件</Filter>
    </None>
  </ItemGroup>
</Project>