<?xml version="1.0" encoding="utf-8"?>
<Project ToolsVersion="4.0" xmlns="http://schemas.microsoft.com/developer/msbuild/2003">
  <ItemGroup>
    <Filter Include="源文件">
      <UniqueIdentifier>{4FC737F1-C7A5-4376-A066-2A32D752A2FF}</UniqueIdentifier>
      <Extensions>cpp;c;cc;cxx;def;odl;idl;hpj;bat;asm;asmx</Extensions>
    </Filter>
    <Filter Include="头文件">
      <UniqueIdentifier>{93995380-89BD-4b04-88EB-625FBE52EBFB}</UniqueIdentifier>
      <Extensions>h;hh;hpp;hxx;hm;inl;inc;xsd</Extensions>
    </Filter>
    <Filter Include="资源文件">
      <UniqueIdentifier>{67DA6AB6-F800-4c08-8B7A-83BB121AAD01}</UniqueIdentifier>
      <Extensions>rc;ico;cur;bmp;dlg;rc2;rct;bin;rgs;gif;jpg;jpeg;jpe;resx;tiff;tif;png;wav;mfcribbon-ms</Extensions>
    </Filter>
    <Filter Include="头文件\DX9">
      <UniqueIdentifier>{f5f42ad2-f45c-4c7d-becc-a7c3d994f5e8}</UniqueIdentifier>
    </Filter>
    <Filter Include="头文件\DX11">
      <UniqueIdentifier>{87692204-d398-43d8-843c-fba218e9ae49}</UniqueIdentifier>
    </Filter>
    <Filter Include="源文件\DX9">
      <UniqueIdentifier>{919cef76-ab5c-4070-b203-8e3d46d9087f}</UniqueIdentifier>
    </Filter>
    <Filter Include="源文件\DX11">
      <UniqueIdentifier>{e436aa8c-9f65-4870-af2a-c2b0557d6969}</UniqueIdentifier>
    </Filter>
    <Filter Include="头文件\DX10">
      <UniqueIdentifier>{16f1745b-1858-4ab4-9021-21df53b6ab88}</UniqueIdentifier>
    </Filter>
    <Filter Include="源文件\DX10">
      <UniqueIdentifier>{1d024bae-1078-42b4-8941-911bd96efb02}</UniqueIdentifier>
    </Filter>
  </ItemGroup>
  <ItemGroup>
    <Text Include="ReadMe.txt" />
  </ItemGroup>
  <ItemGroup>
    <ClInclude Include="stdafx.h">
      <Filter>头文件</Filter>
    </ClInclude>
    <ClInclude Include="targetver.h">
      <Filter>头文件</Filter>
    </ClInclude>
    <ClInclude Include="DXFramework.h">
      <Filter>头文件</Filter>
    </ClInclude>
    <ClInclude Include="DXCamera.h">
      <Filter>头文件</Filter>
    </ClInclude>
    <ClInclude Include="DXInput.h">
      <Filter>头文件</Filter>
    </ClInclude>
    <ClInclude Include="WICTexture.h">
      <Filter>头文件</Filter>
    </ClInclude>
    <ClInclude Include="DX2D.h">
      <Filter>头文件</Filter>
    </ClInclude>
    <ClInclude Include="DX9.h">
      <Filter>头文件\DX9</Filter>
    </ClInclude>
    <ClInclude Include="DX9Element2D.h">
      <Filter>头文件\DX9</Filter>
    </ClInclude>
    <ClInclude Include="DX9Font2D.h">
      <Filter>头文件\DX9</Filter>
    </ClInclude>
    <ClInclude Include="DX9Image2D.h">
      <Filter>头文件\DX9</Filter>
    </ClInclude>
    <ClInclude Include="DX9Line2D.h">
      <Filter>头文件\DX9</Filter>
    </ClInclude>
    <ClInclude Include="DX9Shader.h">
      <Filter>头文件\DX9</Filter>
    </ClInclude>
    <ClInclude Include="DX9Texture2D.h">
      <Filter>头文件\DX9</Filter>
    </ClInclude>
    <ClInclude Include="DX11.h">
      <Filter>头文件\DX11</Filter>
    </ClInclude>
    <ClInclude Include="DX11Duplicator.h">
      <Filter>头文件\DX11</Filter>
    </ClInclude>
    <ClInclude Include="DX11Font2D.h">
      <Filter>头文件\DX11</Filter>
    </ClInclude>
    <ClInclude Include="DX11Image2D.h">
      <Filter>头文件\DX11</Filter>
    </ClInclude>
    <ClInclude Include="DX11PerformanceCounter.h">
      <Filter>头文件\DX11</Filter>
    </ClInclude>
    <ClInclude Include="DX11Rectangle2D.h">
      <Filter>头文件\DX11</Filter>
    </ClInclude>
    <ClInclude Include="DX11Texture2D.h">
      <Filter>头文件\DX11</Filter>
    </ClInclude>
    <ClInclude Include="DX11TextureShader.h">
      <Filter>头文件\DX11</Filter>
    </ClInclude>
    <ClInclude Include="DX11Shader.h">
      <Filter>头文件\DX11</Filter>
    </ClInclude>
    <ClInclude Include="DX11ColorShader.h">
      <Filter>头文件\DX11</Filter>
    </ClInclude>
    <ClInclude Include="DX11Line2D.h">
      <Filter>头文件\DX11</Filter>
    </ClInclude>
    <ClInclude Include="DX11NV12Video.h">
      <Filter>头文件\DX11</Filter>
    </ClInclude>
    <ClInclude Include="DX11YUVVideo.h">
      <Filter>头文件\DX11</Filter>
    </ClInclude>
    <ClInclude Include="DX11CaptureRunner.h">
      <Filter>头文件\DX11</Filter>
    </ClInclude>
    <ClInclude Include="DX9Graphics2D.h">
      <Filter>头文件\DX9</Filter>
    </ClInclude>
    <ClInclude Include="DX11Graphics2D.h">
      <Filter>头文件\DX11</Filter>
    </ClInclude>
    <ClInclude Include="DX10.h">
      <Filter>头文件\DX10</Filter>
    </ClInclude>
    <ClInclude Include="DX10ColorShader.h">
      <Filter>头文件\DX10</Filter>
    </ClInclude>
    <ClInclude Include="DX10Font2D.h">
      <Filter>头文件\DX10</Filter>
    </ClInclude>
    <ClInclude Include="DX10Graphics2D.h">
      <Filter>头文件\DX10</Filter>
    </ClInclude>
    <ClInclude Include="DX10Image2D.h">
      <Filter>头文件\DX10</Filter>
    </ClInclude>
    <ClInclude Include="DX10Line2D.h">
      <Filter>头文件\DX10</Filter>
    </ClInclude>
    <ClInclude Include="DX10NV12Video.h">
      <Filter>头文件\DX10</Filter>
    </ClInclude>
    <ClInclude Include="DX10Rectangle2D.h">
      <Filter>头文件\DX10</Filter>
    </ClInclude>
    <ClInclude Include="DX10Shader.h">
      <Filter>头文件\DX10</Filter>
    </ClInclude>
    <ClInclude Include="DX10Texture2D.h">
      <Filter>头文件\DX10</Filter>
    </ClInclude>
    <ClInclude Include="DX10TextureShader.h">
      <Filter>头文件\DX10</Filter>
    </ClInclude>
    <ClInclude Include="DX10YUVVideo.h">
      <Filter>头文件\DX10</Filter>
    </ClInclude>
    <ClInclude Include="DX10Duplicator.h">
      <Filter>头文件\DX10</Filter>
    </ClInclude>
    <ClInclude Include="DX10CaptureRunner.h">
      <Filter>头文件\DX10</Filter>
    </ClInclude>
    <ClInclude Include="DX11YUY2Video.h">
      <Filter>头文件\DX11</Filter>
    </ClInclude>
    <ClInclude Include="DX11YUY2Shader.h">
      <Filter>头文件\DX11</Filter>
    </ClInclude>
    <ClInclude Include="DX11YUVShader.h">
      <Filter>头文件\DX11</Filter>
    </ClInclude>
    <ClInclude Include="DX11NV12Shader.h">
      <Filter>头文件\DX11</Filter>
    </ClInclude>
    <ClInclude Include="DX10YUVShader.h">
      <Filter>头文件\DX10</Filter>
    </ClInclude>
    <ClInclude Include="DX10NV12Shader.h">
      <Filter>头文件\DX10</Filter>
    </ClInclude>
    <ClInclude Include="DX10YUY2Video.h">
      <Filter>头文件\DX10</Filter>
    </ClInclude>
    <ClInclude Include="DX10YUY2Shader.h">
      <Filter>头文件\DX10</Filter>
    </ClInclude>
    <ClInclude Include="DX10Element.h">
      <Filter>头文件\DX10</Filter>
    </ClInclude>
    <ClInclude Include="DX10Texture2DElement.h">
      <Filter>头文件\DX10</Filter>
    </ClInclude>
    <ClInclude Include="DX11Texture2DElement.h">
      <Filter>头文件\DX11</Filter>
    </ClInclude>
    <ClInclude Include="DX11Element.h">
      <Filter>头文件\DX11</Filter>
    </ClInclude>
  </ItemGroup>
  <ItemGroup>
    <ClCompile Include="stdafx.cpp">
      <Filter>源文件</Filter>
    </ClCompile>
    <ClCompile Include="dllmain.cpp">
      <Filter>源文件</Filter>
    </ClCompile>
    <ClCompile Include="DXFramework.cpp">
      <Filter>源文件</Filter>
    </ClCompile>
    <ClCompile Include="DXCamera.cpp">
      <Filter>源文件</Filter>
    </ClCompile>
    <ClCompile Include="DXInput.cpp">
      <Filter>源文件</Filter>
    </ClCompile>
    <ClCompile Include="WICTexture.cpp">
      <Filter>源文件</Filter>
    </ClCompile>
    <ClCompile Include="DX2D.cpp">
      <Filter>源文件</Filter>
    </ClCompile>
    <ClCompile Include="DX9.cpp">
      <Filter>源文件\DX9</Filter>
    </ClCompile>
    <ClCompile Include="DX9Element2D.cpp">
      <Filter>源文件\DX9</Filter>
    </ClCompile>
    <ClCompile Include="DX9Font2D.cpp">
      <Filter>源文件\DX9</Filter>
    </ClCompile>
    <ClCompile Include="DX9Image2D.cpp">
      <Filter>源文件\DX9</Filter>
    </ClCompile>
    <ClCompile Include="DX9Line2D.cpp">
      <Filter>源文件\DX9</Filter>
    </ClCompile>
    <ClCompile Include="DX9Shader.cpp">
      <Filter>源文件\DX9</Filter>
    </ClCompile>
    <ClCompile Include="DX9Texture2D.cpp">
      <Filter>源文件\DX9</Filter>
    </ClCompile>
    <ClCompile Include="DX11.cpp">
      <Filter>源文件\DX11</Filter>
    </ClCompile>
    <ClCompile Include="DX11Duplicator.cpp">
      <Filter>源文件\DX11</Filter>
    </ClCompile>
    <ClCompile Include="DX11Font2D.cpp">
      <Filter>源文件\DX11</Filter>
    </ClCompile>
    <ClCompile Include="DX11Image2D.cpp">
      <Filter>源文件\DX11</Filter>
    </ClCompile>
    <ClCompile Include="DX11PerformanceCounter.cpp">
      <Filter>源文件\DX11</Filter>
    </ClCompile>
    <ClCompile Include="DX11Rectangle2D.cpp">
      <Filter>源文件\DX11</Filter>
    </ClCompile>
    <ClCompile Include="DX11Texture2D.cpp">
      <Filter>源文件\DX11</Filter>
    </ClCompile>
    <ClCompile Include="DX11TextureShader.cpp">
      <Filter>源文件\DX11</Filter>
    </ClCompile>
    <ClCompile Include="DX11Shader.cpp">
      <Filter>源文件\DX11</Filter>
    </ClCompile>
    <ClCompile Include="DX11ColorShader.cpp">
      <Filter>源文件\DX11</Filter>
    </ClCompile>
    <ClCompile Include="DX11Line2D.cpp">
      <Filter>源文件\DX11</Filter>
    </ClCompile>
    <ClCompile Include="DX11NV12Video.cpp">
      <Filter>源文件\DX11</Filter>
    </ClCompile>
    <ClCompile Include="DX11YUVVideo.cpp">
      <Filter>源文件\DX11</Filter>
    </ClCompile>
    <ClCompile Include="DX11CaptureRunner.cpp">
      <Filter>源文件\DX11</Filter>
    </ClCompile>
    <ClCompile Include="DX9Graphics2D.cpp">
      <Filter>源文件\DX9</Filter>
    </ClCompile>
    <ClCompile Include="DX11Graphics2D.cpp">
      <Filter>源文件\DX11</Filter>
    </ClCompile>
    <ClCompile Include="DX10.cpp">
      <Filter>源文件\DX10</Filter>
    </ClCompile>
    <ClCompile Include="DX10ColorShader.cpp">
      <Filter>源文件\DX10</Filter>
    </ClCompile>
    <ClCompile Include="DX10Font2D.cpp">
      <Filter>源文件\DX10</Filter>
    </ClCompile>
    <ClCompile Include="DX10Graphics2D.cpp">
      <Filter>源文件\DX10</Filter>
    </ClCompile>
    <ClCompile Include="DX10Image2D.cpp">
      <Filter>源文件\DX10</Filter>
    </ClCompile>
    <ClCompile Include="DX10Line2D.cpp">
      <Filter>源文件\DX10</Filter>
    </ClCompile>
    <ClCompile Include="DX10NV12Video.cpp">
      <Filter>源文件\DX10</Filter>
    </ClCompile>
    <ClCompile Include="DX10Rectangle2D.cpp">
      <Filter>源文件\DX10</Filter>
    </ClCompile>
    <ClCompile Include="DX10Shader.cpp">
      <Filter>源文件\DX10</Filter>
    </ClCompile>
    <ClCompile Include="DX10Texture2D.cpp">
      <Filter>源文件\DX10</Filter>
    </ClCompile>
    <ClCompile Include="DX10TextureShader.cpp">
      <Filter>源文件\DX10</Filter>
    </ClCompile>
    <ClCompile Include="DX10YUVVideo.cpp">
      <Filter>源文件\DX10</Filter>
    </ClCompile>
    <ClCompile Include="DX10Duplicator.cpp">
      <Filter>源文件\DX10</Filter>
    </ClCompile>
    <ClCompile Include="DX10CaptureRunner.cpp">
      <Filter>源文件\DX10</Filter>
    </ClCompile>
    <ClCompile Include="DX11YUY2Video.cpp">
      <Filter>源文件\DX11</Filter>
    </ClCompile>
    <ClCompile Include="DX11YUY2Shader.cpp">
      <Filter>源文件\DX11</Filter>
    </ClCompile>
    <ClCompile Include="DX11YUVShader.cpp">
      <Filter>源文件\DX11</Filter>
    </ClCompile>
    <ClCompile Include="DX11NV12Shader.cpp">
      <Filter>源文件\DX11</Filter>
    </ClCompile>
    <ClCompile Include="DX10YUVShader.cpp">
      <Filter>源文件\DX10</Filter>
    </ClCompile>
    <ClCompile Include="DX10NV12Shader.cpp">
      <Filter>源文件\DX10</Filter>
    </ClCompile>
    <ClCompile Include="DX10YUY2Video.cpp">
      <Filter>源文件\DX10</Filter>
    </ClCompile>
    <ClCompile Include="DX10YUY2Shader.cpp">
      <Filter>源文件\DX10</Filter>
    </ClCompile>
    <ClCompile Include="DX10Element.cpp">
      <Filter>源文件\DX10</Filter>
    </ClCompile>
    <ClCompile Include="DX10Texture2DElement.cpp">
      <Filter>源文件\DX10</Filter>
    </ClCompile>
    <ClCompile Include="DX11Texture2DElement.cpp">
      <Filter>源文件\DX11</Filter>
    </ClCompile>
    <ClCompile Include="DX11Element.cpp">
      <Filter>源文件\DX11</Filter>
    </ClCompile>
  </ItemGroup>
  <ItemGroup>
    <None Include="texture.ps">
      <Filter>资源文件</Filter>
    </None>
    <None Include="texture.vs">
      <Filter>资源文件</Filter>
    </None>
    <None Include="color.ps">
      <Filter>资源文件</Filter>
    </None>
    <None Include="color.vs">
      <Filter>资源文件</Filter>
    </None>
    <None Include="NV12BT601.ps">
      <Filter>资源文件</Filter>
    </None>
    <None Include="NV12BT601.vs">
      <Filter>资源文件</Filter>
    </None>
    <None Include="NV12BT709.ps">
      <Filter>资源文件</Filter>
    </None>
    <None Include="NV12BT709.vs">
      <Filter>资源文件</Filter>
    </None>
    <None Include="YUVBT601.ps">
      <Filter>资源文件</Filter>
    </None>
    <None Include="YUVBT601.vs">
      <Filter>资源文件</Filter>
    </None>
    <None Include="YUVBT709.ps">
      <Filter>资源文件</Filter>
    </None>
    <None Include="YUVBT709.vs">
      <Filter>资源文件</Filter>
    </None>
    <None Include="YUY2BT601.ps">
      <Filter>资源文件</Filter>
    </None>
    <None Include="YUY2BT601.vs">
      <Filter>资源文件</Filter>
    </None>
    <None Include="YUY2BT709.ps">
      <Filter>资源文件</Filter>
    </None>
    <None Include="YUY2BT709.vs">
      <Filter>资源文件</Filter>
    </None>
  </ItemGroup>
</Project>