<?xml version="1.0" encoding="utf-8"?>
<Project ToolsVersion="4.0" xmlns="http://schemas.microsoft.com/developer/msbuild/2003">
  <ItemGroup>
    <Filter Include="源文件">
      <UniqueIdentifier>{4FC737F1-C7A5-4376-A066-2A32D752A2FF}</UniqueIdentifier>
      <Extensions>cpp;c;cc;cxx;def;odl;idl;hpj;bat;asm;asmx</Extensions>
    </Filter>
    <Filter Include="头文件">
      <UniqueIdentifier>{93995380-89BD-4b04-88EB-625FBE52EBFB}</UniqueIdentifier>
      <Extensions>h;hh;hpp;hxx;hm;inl;inc;xsd</Extensions>
    </Filter>
    <Filter Include="资源文件">
      <UniqueIdentifier>{67DA6AB6-F800-4c08-8B7A-83BB121AAD01}</UniqueIdentifier>
      <Extensions>rc;ico;cur;bmp;dlg;rc2;rct;bin;rgs;gif;jpg;jpeg;jpe;resx;tiff;tif;png;wav;mfcribbon-ms</Extensions>
    </Filter>
    <Filter Include="头文件\D3D10">
      <UniqueIdentifier>{47f599bd-eac4-4beb-8b39-f8d8ee4c7490}</UniqueIdentifier>
    </Filter>
    <Filter Include="源文件\D3D10">
      <UniqueIdentifier>{654a1fe6-92b0-449a-843c-9aa062c28242}</UniqueIdentifier>
    </Filter>
  </ItemGroup>
  <ItemGroup>
    <Text Include="ReadMe.txt" />
  </ItemGroup>
  <ItemGroup>
    <ClInclude Include="stdafx.h">
      <Filter>头文件</Filter>
    </ClInclude>
    <ClInclude Include="targetver.h">
      <Filter>头文件</Filter>
    </ClInclude>
    <ClInclude Include="D3D10Graphics.h">
      <Filter>头文件\D3D10</Filter>
    </ClInclude>
    <ClInclude Include="D3D10Texture.h">
      <Filter>头文件\D3D10</Filter>
    </ClInclude>
    <ClInclude Include="D3D10TextureShader.h">
      <Filter>头文件\D3D10</Filter>
    </ClInclude>
    <ClInclude Include="D3D10Bitmap.h">
      <Filter>头文件\D3D10</Filter>
    </ClInclude>
    <ClInclude Include="DXApplication.h">
      <Filter>头文件</Filter>
    </ClInclude>
    <ClInclude Include="DXIdleHandler.h">
      <Filter>头文件</Filter>
    </ClInclude>
    <ClInclude Include="DXWindow.h">
      <Filter>头文件</Filter>
    </ClInclude>
    <ClInclude Include="DXFramework.h">
      <Filter>头文件</Filter>
    </ClInclude>
    <ClInclude Include="D3D10Device.h">
      <Filter>头文件\D3D10</Filter>
    </ClInclude>
  </ItemGroup>
  <ItemGroup>
    <ClCompile Include="stdafx.cpp">
      <Filter>源文件</Filter>
    </ClCompile>
    <ClCompile Include="dllmain.cpp">
      <Filter>源文件</Filter>
    </ClCompile>
    <ClCompile Include="D3D10Graphics.cpp">
      <Filter>源文件\D3D10</Filter>
    </ClCompile>
    <ClCompile Include="D3D10Texture.cpp">
      <Filter>源文件\D3D10</Filter>
    </ClCompile>
    <ClCompile Include="D3D10TextureShader.cpp">
      <Filter>源文件\D3D10</Filter>
    </ClCompile>
    <ClCompile Include="D3D10Bitmap.cpp">
      <Filter>源文件\D3D10</Filter>
    </ClCompile>
    <ClCompile Include="DXApplication.cpp">
      <Filter>源文件</Filter>
    </ClCompile>
    <ClCompile Include="DXIdleHandler.cpp">
      <Filter>源文件</Filter>
    </ClCompile>
    <ClCompile Include="DXWindow.cpp">
      <Filter>源文件</Filter>
    </ClCompile>
    <ClCompile Include="DXFramework.cpp">
      <Filter>源文件</Filter>
    </ClCompile>
    <ClCompile Include="D3D10Device.cpp">
      <Filter>源文件\D3D10</Filter>
    </ClCompile>
  </ItemGroup>
</Project>