<?xml version="1.0" encoding="utf-8"?>
<Project ToolsVersion="4.0" xmlns="http://schemas.microsoft.com/developer/msbuild/2003">
  <ItemGroup>
    <Filter Include="源文件">
      <UniqueIdentifier>{4FC737F1-C7A5-4376-A066-2A32D752A2FF}</UniqueIdentifier>
      <Extensions>cpp;c;cc;cxx;def;odl;idl;hpj;bat;asm;asmx</Extensions>
    </Filter>
    <Filter Include="头文件">
      <UniqueIdentifier>{93995380-89BD-4b04-88EB-625FBE52EBFB}</UniqueIdentifier>
      <Extensions>h;hh;hpp;hxx;hm;inl;inc;xsd</Extensions>
    </Filter>
    <Filter Include="资源文件">
      <UniqueIdentifier>{67DA6AB6-F800-4c08-8B7A-83BB121AAD01}</UniqueIdentifier>
      <Extensions>rc;ico;cur;bmp;dlg;rc2;rct;bin;rgs;gif;jpg;jpeg;jpe;resx;tiff;tif;png;wav;mfcribbon-ms</Extensions>
    </Filter>
    <Filter Include="头文件\Audio">
      <UniqueIdentifier>{6c075f24-667b-4112-a864-3891faab571f}</UniqueIdentifier>
    </Filter>
    <Filter Include="头文件\Video">
      <UniqueIdentifier>{8f01ac82-3a66-45ad-9c75-268fd57fcfe2}</UniqueIdentifier>
    </Filter>
    <Filter Include="源文件\Audio">
      <UniqueIdentifier>{5370315f-7bcf-48f2-b329-f356c418796d}</UniqueIdentifier>
    </Filter>
    <Filter Include="源文件\Video">
      <UniqueIdentifier>{384a53ac-344e-4b47-8398-6873e071552a}</UniqueIdentifier>
    </Filter>
  </ItemGroup>
  <ItemGroup>
    <Text Include="ReadMe.txt" />
  </ItemGroup>
  <ItemGroup>
    <ClInclude Include="stdafx.h">
      <Filter>头文件</Filter>
    </ClInclude>
    <ClInclude Include="targetver.h">
      <Filter>头文件</Filter>
    </ClInclude>
    <ClInclude Include="MediaSDK.h">
      <Filter>头文件</Filter>
    </ClInclude>
    <ClInclude Include="AudioConverter.h">
      <Filter>头文件\Audio</Filter>
    </ClInclude>
    <ClInclude Include="AudioInputStream.h">
      <Filter>头文件\Audio</Filter>
    </ClInclude>
    <ClInclude Include="AudioOutputStream.h">
      <Filter>头文件\Audio</Filter>
    </ClInclude>
    <ClInclude Include="CameraVisual2D.h">
      <Filter>头文件\Video</Filter>
    </ClInclude>
    <ClInclude Include="GameVisual2D.h">
      <Filter>头文件\Video</Filter>
    </ClInclude>
    <ClInclude Include="ImageVisual2D.h">
      <Filter>头文件\Video</Filter>
    </ClInclude>
    <ClInclude Include="IVisual2D.h">
      <Filter>头文件\Video</Filter>
    </ClInclude>
    <ClInclude Include="MonitorVisual2D.h">
      <Filter>头文件\Video</Filter>
    </ClInclude>
    <ClInclude Include="StreamVisual2D.h">
      <Filter>头文件\Video</Filter>
    </ClInclude>
    <ClInclude Include="WaveAudioInputStream.h">
      <Filter>头文件\Audio</Filter>
    </ClInclude>
    <ClInclude Include="WaveAudioOutputStream.h">
      <Filter>头文件\Audio</Filter>
    </ClInclude>
    <ClInclude Include="CanvasView.h">
      <Filter>头文件</Filter>
    </ClInclude>
    <ClInclude Include="AudioParameters.h">
      <Filter>头文件\Audio</Filter>
    </ClInclude>
    <ClInclude Include="AudioPacket.h">
      <Filter>头文件\Audio</Filter>
    </ClInclude>
    <ClInclude Include="TaskManager.h">
      <Filter>头文件</Filter>
    </ClInclude>
    <ClInclude Include="AudioFileSink.h">
      <Filter>头文件\Audio</Filter>
    </ClInclude>
    <ClInclude Include="AudioFileSource.h">
      <Filter>头文件\Audio</Filter>
    </ClInclude>
    <ClInclude Include="DSAudioOutputStream.h">
      <Filter>头文件\Audio</Filter>
    </ClInclude>
    <ClInclude Include="DSAudioInputStream.h">
      <Filter>头文件\Audio</Filter>
    </ClInclude>
    <ClInclude Include="ByteQueue.h">
      <Filter>头文件</Filter>
    </ClInclude>
    <ClInclude Include="DSFullDuplexAudioInputStream.h">
      <Filter>头文件\Audio</Filter>
    </ClInclude>
    <ClInclude Include="DMOAudioInputStream.h">
      <Filter>头文件\Audio</Filter>
    </ClInclude>
    <ClInclude Include="WASAPIAudioInputStream.h">
      <Filter>头文件\Audio</Filter>
    </ClInclude>
    <ClInclude Include="WASAPIAudioOutputStream.h">
      <Filter>头文件\Audio</Filter>
    </ClInclude>
    <ClInclude Include="CanvasController.h">
      <Filter>头文件</Filter>
    </ClInclude>
  </ItemGroup>
  <ItemGroup>
    <ClCompile Include="stdafx.cpp">
      <Filter>源文件</Filter>
    </ClCompile>
    <ClCompile Include="MediaSDK.cpp">
      <Filter>源文件</Filter>
    </ClCompile>
    <ClCompile Include="AudioConverter.cpp">
      <Filter>源文件\Audio</Filter>
    </ClCompile>
    <ClCompile Include="AudioInputStream.cpp">
      <Filter>源文件\Audio</Filter>
    </ClCompile>
    <ClCompile Include="AudioOutputStream.cpp">
      <Filter>源文件\Audio</Filter>
    </ClCompile>
    <ClCompile Include="CameraVisual2D.cpp">
      <Filter>源文件\Video</Filter>
    </ClCompile>
    <ClCompile Include="GameVisual2D.cpp">
      <Filter>源文件\Video</Filter>
    </ClCompile>
    <ClCompile Include="ImageVisual2D.cpp">
      <Filter>源文件\Video</Filter>
    </ClCompile>
    <ClCompile Include="IVisual2D.cpp">
      <Filter>源文件\Video</Filter>
    </ClCompile>
    <ClCompile Include="MonitorVisual2D.cpp">
      <Filter>源文件\Video</Filter>
    </ClCompile>
    <ClCompile Include="StreamVisual2D.cpp">
      <Filter>源文件\Video</Filter>
    </ClCompile>
    <ClCompile Include="WaveAudioInputStream.cpp">
      <Filter>源文件\Audio</Filter>
    </ClCompile>
    <ClCompile Include="WaveAudioOutputStream.cpp">
      <Filter>源文件\Audio</Filter>
    </ClCompile>
    <ClCompile Include="CanvasController.cpp">
      <Filter>源文件</Filter>
    </ClCompile>
    <ClCompile Include="CanvasView.cpp">
      <Filter>源文件</Filter>
    </ClCompile>
    <ClCompile Include="AudioParameters.cpp">
      <Filter>源文件\Audio</Filter>
    </ClCompile>
    <ClCompile Include="AudioPacket.cpp">
      <Filter>源文件\Audio</Filter>
    </ClCompile>
    <ClCompile Include="TaskManager.cpp">
      <Filter>源文件</Filter>
    </ClCompile>
    <ClCompile Include="AudioFileSink.cpp">
      <Filter>源文件\Audio</Filter>
    </ClCompile>
    <ClCompile Include="AudioFileSource.cpp">
      <Filter>源文件\Audio</Filter>
    </ClCompile>
    <ClCompile Include="DSAudioOutputStream.cpp">
      <Filter>源文件\Audio</Filter>
    </ClCompile>
    <ClCompile Include="DSAudioInputStream.cpp">
      <Filter>源文件\Audio</Filter>
    </ClCompile>
    <ClCompile Include="ByteQueue.cpp">
      <Filter>源文件</Filter>
    </ClCompile>
    <ClCompile Include="DSFullDuplexAudioInputStream.cpp">
      <Filter>源文件\Audio</Filter>
    </ClCompile>
    <ClCompile Include="DMOAudioInputStream.cpp">
      <Filter>源文件\Audio</Filter>
    </ClCompile>
    <ClCompile Include="WASAPIAudioInputStream.cpp">
      <Filter>源文件\Audio</Filter>
    </ClCompile>
    <ClCompile Include="WASAPIAudioOutputStream.cpp">
      <Filter>源文件\Audio</Filter>
    </ClCompile>
  </ItemGroup>
</Project>